<?xml version="1.0" encoding="utf-8"?>
<Project ToolsVersion="4.0" xmlns="http://schemas.microsoft.com/developer/msbuild/2003">
  <ItemGroup>
    <Filter Include="Source Files">
      <UniqueIdentifier>{4FC737F1-C7A5-4376-A066-2A32D752A2FF}</UniqueIdentifier>
      <Extensions>cpp;c;cc;cxx;def;odl;idl;hpj;bat;asm;asmx</Extensions>
    </Filter>
    <Filter Include="Header Files">
      <UniqueIdentifier>{93995380-89BD-4b04-88EB-625FBE52EBFB}</UniqueIdentifier>
      <Extensions>h;hpp;hxx;hm;inl;inc;xsd</Extensions>
    </Filter>
    <Filter Include="Resource Files">
      <UniqueIdentifier>{67DA6AB6-F800-4c08-8B7A-83BB121AAD01}</UniqueIdentifier>
      <Extensions>rc;ico;cur;bmp;dlg;rc2;rct;bin;rgs;gif;jpg;jpeg;jpe;resx;tiff;tif;png;wav;mfcribbon-ms</Extensions>
    </Filter>
  </ItemGroup>
  <ItemGroup>
    <ClCompile Include="acl2util.cpp">
      <Filter>Source Files</Filter>
    </ClCompile>
    <ClCompile Include="aclutil.cpp">
      <Filter>Source Files</Filter>
    </ClCompile>
    <ClCompile Include="apputil.cpp">
      <Filter>Source Files</Filter>
    </ClCompile>
    <ClCompile Include="apuputil.cpp">
      <Filter>Source Files</Filter>
    </ClCompile>
    <ClCompile Include="atomutil.cpp">
      <Filter>Source Files</Filter>
    </ClCompile>
    <ClCompile Include="buffutil.cpp">
      <Filter>Source Files</Filter>
    </ClCompile>
    <ClCompile Include="butil.cpp">
      <Filter>Source Files</Filter>
    </ClCompile>
    <ClCompile Include="cabcutil.cpp">
      <Filter>Source Files</Filter>
    </ClCompile>
    <ClCompile Include="cabutil.cpp">
      <Filter>Source Files</Filter>
    </ClCompile>
    <ClCompile Include="certutil.cpp">
      <Filter>Source Files</Filter>
    </ClCompile>
    <ClCompile Include="conutil.cpp">
      <Filter>Source Files</Filter>
    </ClCompile>
    <ClCompile Include="cryputil.cpp">
      <Filter>Source Files</Filter>
    </ClCompile>
    <ClCompile Include="dictutil.cpp">
      <Filter>Source Files</Filter>
    </ClCompile>
    <ClCompile Include="dirutil.cpp">
      <Filter>Source Files</Filter>
    </ClCompile>
    <ClCompile Include="dlutil.cpp">
      <Filter>Source Files</Filter>
    </ClCompile>
    <ClCompile Include="dutil.cpp">
      <Filter>Source Files</Filter>
    </ClCompile>
    <ClCompile Include="eseutil.cpp">
      <Filter>Source Files</Filter>
    </ClCompile>
    <ClCompile Include="fileutil.cpp">
      <Filter>Source Files</Filter>
    </ClCompile>
    <ClCompile Include="gdiputil.cpp">
      <Filter>Source Files</Filter>
    </ClCompile>
    <ClCompile Include="iis7util.cpp">
      <Filter>Source Files</Filter>
    </ClCompile>
    <ClCompile Include="inetutil.cpp">
      <Filter>Source Files</Filter>
    </ClCompile>
    <ClCompile Include="jsonutil.cpp">
      <Filter>Source Files</Filter>
    </ClCompile>
    <ClCompile Include="locutil.cpp">
      <Filter>Source Files</Filter>
    </ClCompile>
    <ClCompile Include="logutil.cpp">
      <Filter>Source Files</Filter>
    </ClCompile>
    <ClCompile Include="memutil.cpp">
      <Filter>Source Files</Filter>
    </ClCompile>
    <ClCompile Include="metautil.cpp">
      <Filter>Source Files</Filter>
    </ClCompile>
    <ClCompile Include="osutil.cpp">
      <Filter>Source Files</Filter>
    </ClCompile>
    <ClCompile Include="path2utl.cpp">
      <Filter>Source Files</Filter>
    </ClCompile>
    <ClCompile Include="pathutil.cpp">
      <Filter>Source Files</Filter>
    </ClCompile>
    <ClCompile Include="perfutil.cpp">
      <Filter>Source Files</Filter>
    </ClCompile>
    <ClCompile Include="proc2utl.cpp">
      <Filter>Source Files</Filter>
    </ClCompile>
    <ClCompile Include="procutil.cpp">
      <Filter>Source Files</Filter>
    </ClCompile>
    <ClCompile Include="resrutil.cpp">
      <Filter>Source Files</Filter>
    </ClCompile>
    <ClCompile Include="reswutil.cpp">
      <Filter>Source Files</Filter>
    </ClCompile>
    <ClCompile Include="rexutil.cpp">
      <Filter>Source Files</Filter>
    </ClCompile>
    <ClCompile Include="rmutil.cpp">
      <Filter>Source Files</Filter>
    </ClCompile>
    <ClCompile Include="rssutil.cpp">
      <Filter>Source Files</Filter>
    </ClCompile>
    <ClCompile Include="sceutil.cpp">
      <Filter>Source Files</Filter>
    </ClCompile>
    <ClCompile Include="shelutil.cpp">
      <Filter>Source Files</Filter>
    </ClCompile>
    <ClCompile Include="sqlutil.cpp">
      <Filter>Source Files</Filter>
    </ClCompile>
    <ClCompile Include="strutil.cpp">
      <Filter>Source Files</Filter>
    </ClCompile>
    <ClCompile Include="thmutil.cpp">
      <Filter>Source Files</Filter>
    </ClCompile>
    <ClCompile Include="timeutil.cpp">
      <Filter>Source Files</Filter>
    </ClCompile>
    <ClCompile Include="uriutil.cpp">
      <Filter>Source Files</Filter>
    </ClCompile>
    <ClCompile Include="userutil.cpp">
      <Filter>Source Files</Filter>
    </ClCompile>
    <ClCompile Include="wiutil.cpp">
      <Filter>Source Files</Filter>
    </ClCompile>
    <ClCompile Include="xmlutil.cpp">
      <Filter>Source Files</Filter>
    </ClCompile>
    <ClCompile Include="svcutil.cpp">
      <Filter>Source Files</Filter>
    </ClCompile>
    <ClCompile Include="regutil.cpp">
      <Filter>Source Files</Filter>
    </ClCompile>
    <ClCompile Include="iniutil.cpp">
      <Filter>Source Files</Filter>
    </ClCompile>
    <ClCompile Include="proc3utl.cpp">
      <Filter>Source Files</Filter>
    </ClCompile>
    <ClCompile Include="wuautil.cpp">
      <Filter>Source Files</Filter>
    </ClCompile>
    <ClCompile Include="srputil.cpp">
      <Filter>Source Files</Filter>
    </ClCompile>
    <ClCompile Include="polcutil.cpp">
      <Filter>Source Files</Filter>
    </ClCompile>
  </ItemGroup>
  <ItemGroup>
    <ClInclude Include="inc\aclutil.h">
      <Filter>Header Files</Filter>
    </ClInclude>
    <ClInclude Include="inc\apputil.h">
      <Filter>Header Files</Filter>
    </ClInclude>
    <ClInclude Include="inc\apuputil.h">
      <Filter>Header Files</Filter>
    </ClInclude>
    <ClInclude Include="inc\atomutil.h">
      <Filter>Header Files</Filter>
    </ClInclude>
    <ClInclude Include="inc\buffutil.h">
      <Filter>Header Files</Filter>
    </ClInclude>
    <ClInclude Include="inc\butil.h">
      <Filter>Header Files</Filter>
    </ClInclude>
    <ClInclude Include="inc\cabcutil.h">
      <Filter>Header Files</Filter>
    </ClInclude>
    <ClInclude Include="inc\cabutil.h">
      <Filter>Header Files</Filter>
    </ClInclude>
    <ClInclude Include="inc\certutil.h">
      <Filter>Header Files</Filter>
    </ClInclude>
    <ClInclude Include="inc\conutil.h">
      <Filter>Header Files</Filter>
    </ClInclude>
    <ClInclude Include="inc\cryputil.h">
      <Filter>Header Files</Filter>
    </ClInclude>
    <ClInclude Include="inc\dictutil.h">
      <Filter>Header Files</Filter>
    </ClInclude>
    <ClInclude Include="inc\dirutil.h">
      <Filter>Header Files</Filter>
    </ClInclude>
    <ClInclude Include="inc\dlutil.h">
      <Filter>Header Files</Filter>
    </ClInclude>
    <ClInclude Include="inc\dutil.h">
      <Filter>Header Files</Filter>
    </ClInclude>
    <ClInclude Include="inc\eseutil.h">
      <Filter>Header Files</Filter>
    </ClInclude>
    <ClInclude Include="inc\fileutil.h">
      <Filter>Header Files</Filter>
    </ClInclude>
    <ClInclude Include="inc\gdiputil.h">
      <Filter>Header Files</Filter>
    </ClInclude>
    <ClInclude Include="inc\inetutil.h">
      <Filter>Header Files</Filter>
    </ClInclude>
    <ClInclude Include="inc\jsonutil.h">
      <Filter>Header Files</Filter>
    </ClInclude>
    <ClInclude Include="inc\locutil.h">
      <Filter>Header Files</Filter>
    </ClInclude>
    <ClInclude Include="inc\logutil.h">
      <Filter>Header Files</Filter>
    </ClInclude>
    <ClInclude Include="inc\memutil.h">
      <Filter>Header Files</Filter>
    </ClInclude>
    <ClInclude Include="inc\metautil.h">
      <Filter>Header Files</Filter>
    </ClInclude>
    <ClInclude Include="inc\osutil.h">
      <Filter>Header Files</Filter>
    </ClInclude>
    <ClInclude Include="inc\pathutil.h">
      <Filter>Header Files</Filter>
    </ClInclude>
    <ClInclude Include="inc\perfutil.h">
      <Filter>Header Files</Filter>
    </ClInclude>
    <ClInclude Include="inc\procutil.h">
      <Filter>Header Files</Filter>
    </ClInclude>
    <ClInclude Include="inc\regutil.h">
      <Filter>Header Files</Filter>
    </ClInclude>
    <ClInclude Include="inc\resrutil.h">
      <Filter>Header Files</Filter>
    </ClInclude>
    <ClInclude Include="inc\reswutil.h">
      <Filter>Header Files</Filter>
    </ClInclude>
    <ClInclude Include="inc\rexutil.h">
      <Filter>Header Files</Filter>
    </ClInclude>
    <ClInclude Include="inc\rssutil.h">
      <Filter>Header Files</Filter>
    </ClInclude>
    <ClInclude Include="inc\sceutil.h">
      <Filter>Header Files</Filter>
    </ClInclude>
    <ClInclude Include="inc\shelutil.h">
      <Filter>Header Files</Filter>
    </ClInclude>
    <ClInclude Include="inc\sqlutil.h">
      <Filter>Header Files</Filter>
    </ClInclude>
    <ClInclude Include="inc\strutil.h">
      <Filter>Header Files</Filter>
    </ClInclude>
    <ClInclude Include="inc\thmutil.h">
      <Filter>Header Files</Filter>
    </ClInclude>
    <ClInclude Include="inc\timeutil.h">
      <Filter>Header Files</Filter>
    </ClInclude>
    <ClInclude Include="inc\uriutil.h">
      <Filter>Header Files</Filter>
    </ClInclude>
    <ClInclude Include="inc\userutil.h">
      <Filter>Header Files</Filter>
    </ClInclude>
    <ClInclude Include="inc\wiutil.h">
      <Filter>Header Files</Filter>
    </ClInclude>
    <ClInclude Include="inc\xmlutil.h">
      <Filter>Header Files</Filter>
    </ClInclude>
    <ClInclude Include="precomp.h">
      <Filter>Header Files</Filter>
    </ClInclude>
    <ClInclude Include="inc\svcutil.h">
      <Filter>Header Files</Filter>
    </ClInclude>
    <ClInclude Include="inc\iniutil.h">
      <Filter>Header Files</Filter>
    </ClInclude>
    <ClInclude Include="inc\wuautil.h">
      <Filter>Header Files</Filter>
    </ClInclude>
    <ClInclude Include="inc\srputil.h">
      <Filter>Header Files</Filter>
    </ClInclude>
    <ClInclude Include="inc\polcutil.h">
      <Filter>Header Files</Filter>
    </ClInclude>
  </ItemGroup>
  <ItemGroup>
    <None Include="xsd\thmutil.xsd">
      <Filter>Header Files</Filter>
    </None>
  </ItemGroup>
</Project>