<?xml version="1.0" encoding="utf-8"?>
<Project ToolsVersion="4.0" xmlns="http://schemas.microsoft.com/developer/msbuild/2003">
  <ItemGroup>
    <Filter Include="Source Files">
      <UniqueIdentifier>{4FC737F1-C7A5-4376-A066-2A32D752A2FF}</UniqueIdentifier>
      <Extensions>cpp;c;cc;cxx;def;odl;idl;hpj;bat;asm;asmx</Extensions>
    </Filter>
    <Filter Include="Header Files">
      <UniqueIdentifier>{93995380-89BD-4b04-88EB-625FBE52EBFB}</UniqueIdentifier>
      <Extensions>h;hpp;hxx;hm;inl;inc;xsd</Extensions>
    </Filter>
    <Filter Include="Resource Files">
      <UniqueIdentifier>{67DA6AB6-F800-4c08-8B7A-83BB121AAD01}</UniqueIdentifier>
      <Extensions>rc;ico;cur;bmp;dlg;rc2;rct;bin;rgs;gif;jpg;jpeg;jpe;resx;tiff;tif;png;wav;mfcribbon-ms</Extensions>
    </Filter>
  </ItemGroup>
  <ItemGroup>
    <ClCompile Include="cabextract.cpp">
      <Filter>Source Files</Filter>
    </ClCompile>
    <ClCompile Include="cache.cpp">
      <Filter>Source Files</Filter>
    </ClCompile>
    <ClCompile Include="condition.cpp">
      <Filter>Source Files</Filter>
    </ClCompile>
    <ClCompile Include="container.cpp">
      <Filter>Source Files</Filter>
    </ClCompile>
    <ClCompile Include="core.cpp">
      <Filter>Source Files</Filter>
    </ClCompile>
    <ClCompile Include="elevation.cpp">
      <Filter>Source Files</Filter>
    </ClCompile>
    <ClCompile Include="engine.cpp">
      <Filter>Source Files</Filter>
    </ClCompile>
    <ClCompile Include="exeengine.cpp">
      <Filter>Source Files</Filter>
    </ClCompile>
    <ClCompile Include="manifest.cpp">
      <Filter>Source Files</Filter>
    </ClCompile>
    <ClCompile Include="msiengine.cpp">
      <Filter>Source Files</Filter>
    </ClCompile>
    <ClCompile Include="msuengine.cpp">
      <Filter>Source Files</Filter>
    </ClCompile>
    <ClCompile Include="package.cpp">
      <Filter>Source Files</Filter>
    </ClCompile>
    <ClCompile Include="payload.cpp">
      <Filter>Source Files</Filter>
    </ClCompile>
    <ClCompile Include="pipe.cpp">
      <Filter>Source Files</Filter>
    </ClCompile>
    <ClCompile Include="plan.cpp">
      <Filter>Source Files</Filter>
    </ClCompile>
    <ClCompile Include="platform.cpp">
      <Filter>Source Files</Filter>
    </ClCompile>
    <ClCompile Include="registration.cpp">
      <Filter>Source Files</Filter>
    </ClCompile>
    <ClCompile Include="search.cpp">
      <Filter>Source Files</Filter>
    </ClCompile>
    <ClCompile Include="uithread.cpp">
      <Filter>Source Files</Filter>
    </ClCompile>
    <ClCompile Include="userexperience.cpp">
      <Filter>Source Files</Filter>
    </ClCompile>
    <ClCompile Include="variable.cpp">
      <Filter>Source Files</Filter>
    </ClCompile>
    <ClCompile Include="variant.cpp">
      <Filter>Source Files</Filter>
    </ClCompile>
    <ClCompile Include="dependency.cpp">
      <Filter>Source Files</Filter>
    </ClCompile>
    <ClCompile Include="apply.cpp">
      <Filter>Source Files</Filter>
    </ClCompile>
    <ClCompile Include="logging.cpp">
      <Filter>Source Files</Filter>
    </ClCompile>
    <ClCompile Include="bitsengine.cpp">
      <Filter>Source Files</Filter>
    </ClCompile>
    <ClCompile Include="EngineForApplication.cpp">
      <Filter>Source Files</Filter>
    </ClCompile>
    <ClCompile Include="mspengine.cpp">
      <Filter>Source Files</Filter>
    </ClCompile>
    <ClCompile Include="embedded.cpp">
      <Filter>Source Files</Filter>
    </ClCompile>
    <ClCompile Include="splashscreen.cpp">
      <Filter>Source Files</Filter>
    </ClCompile>
    <ClCompile Include="catalog.cpp">
      <Filter>Source Files</Filter>
    </ClCompile>
    <ClCompile Include="NetFxChainer.cpp">
      <Filter>Source Files</Filter>
    </ClCompile>
    <ClCompile Include="section.cpp">
      <Filter>Source Files</Filter>
    </ClCompile>
    <ClCompile Include="detect.cpp">
      <Filter>Source Files</Filter>
    </ClCompile>
    <ClCompile Include="pseudobundle.cpp">
      <Filter>Source Files</Filter>
    </ClCompile>
    <ClCompile Include="update.cpp">
      <Filter>Source Files</Filter>
    </ClCompile>
    <ClCompile Include="relatedbundle.cpp">
      <Filter>Source Files</Filter>
    </ClCompile>
    <ClCompile Include="approvedexe.cpp">
      <Filter>Source Files</Filter>
    </ClCompile>
  </ItemGroup>
  <ItemGroup>
    <ClInclude Include="precomp.h">
      <Filter>Header Files</Filter>
    </ClInclude>
    <ClInclude Include="cabextract.h">
      <Filter>Header Files</Filter>
    </ClInclude>
    <ClInclude Include="cache.h">
      <Filter>Header Files</Filter>
    </ClInclude>
    <ClInclude Include="condition.h">
      <Filter>Header Files</Filter>
    </ClInclude>
    <ClInclude Include="container.h">
      <Filter>Header Files</Filter>
    </ClInclude>
    <ClInclude Include="core.h">
      <Filter>Header Files</Filter>
    </ClInclude>
    <ClInclude Include="elevation.h">
      <Filter>Header Files</Filter>
    </ClInclude>
    <ClInclude Include="inc\engine.h">
      <Filter>Header Files</Filter>
    </ClInclude>
    <ClInclude Include="exeengine.h">
      <Filter>Header Files</Filter>
    </ClInclude>
    <ClInclude Include="manifest.h">
      <Filter>Header Files</Filter>
    </ClInclude>
    <ClInclude Include="msiengine.h">
      <Filter>Header Files</Filter>
    </ClInclude>
    <ClInclude Include="msuengine.h">
      <Filter>Header Files</Filter>
    </ClInclude>
    <ClInclude Include="package.h">
      <Filter>Header Files</Filter>
    </ClInclude>
    <ClInclude Include="payload.h">
      <Filter>Header Files</Filter>
    </ClInclude>
    <ClInclude Include="pipe.h">
      <Filter>Header Files</Filter>
    </ClInclude>
    <ClInclude Include="platform.h">
      <Filter>Header Files</Filter>
    </ClInclude>
    <ClInclude Include="registration.h">
      <Filter>Header Files</Filter>
    </ClInclude>
    <ClInclude Include="search.h">
      <Filter>Header Files</Filter>
    </ClInclude>
    <ClInclude Include="uithread.h">
      <Filter>Header Files</Filter>
    </ClInclude>
    <ClInclude Include="userexperience.h">
      <Filter>Header Files</Filter>
    </ClInclude>
    <ClInclude Include="variable.h">
      <Filter>Header Files</Filter>
    </ClInclude>
    <ClInclude Include="variant.h">
      <Filter>Header Files</Filter>
    </ClInclude>
    <ClInclude Include="plan.h">
      <Filter>Header Files</Filter>
    </ClInclude>
    <ClInclude Include="dependency.h">
      <Filter>Header Files</Filter>
    </ClInclude>
    <ClInclude Include="apply.h">
      <Filter>Header Files</Filter>
    </ClInclude>
    <ClInclude Include="logging.h">
      <Filter>Header Files</Filter>
    </ClInclude>
    <ClInclude Include="bitsengine.h">
      <Filter>Header Files</Filter>
    </ClInclude>
    <ClInclude Include="..\inc\IBootstrapperEngine.h">
      <Filter>Header Files</Filter>
    </ClInclude>
    <ClInclude Include="..\inc\IBootstrapperApplication.h">
      <Filter>Header Files</Filter>
    </ClInclude>
    <ClInclude Include="EngineForApplication.h">
      <Filter>Header Files</Filter>
    </ClInclude>
    <ClInclude Include="mspengine.h">
      <Filter>Header Files</Filter>
    </ClInclude>
    <ClInclude Include="embedded.h">
      <Filter>Header Files</Filter>
    </ClInclude>
    <ClInclude Include="splashscreen.h">
      <Filter>Header Files</Filter>
    </ClInclude>
    <ClInclude Include="catalog.h">
      <Filter>Header Files</Filter>
    </ClInclude>
    <ClInclude Include="netfxchainer.h">
      <Filter>Header Files</Filter>
    </ClInclude>
    <ClInclude Include="section.h">
      <Filter>Header Files</Filter>
    </ClInclude>
    <ClInclude Include="detect.h">
      <Filter>Header Files</Filter>
    </ClInclude>
    <ClInclude Include="pseudobundle.h">
      <Filter>Header Files</Filter>
    </ClInclude>
    <ClInclude Include="update.h">
      <Filter>Header Files</Filter>
    </ClInclude>
    <ClInclude Include="relatedbundle.h">
      <Filter>Header Files</Filter>
    </ClInclude>
    <ClInclude Include="approvedexe.h">
      <Filter>Header Files</Filter>
    </ClInclude>
  </ItemGroup>
  <ItemGroup>
    <CustomBuild Include="engine.mc" />
  </ItemGroup>
</Project>