
Microsoft Visual Studio Solution File, Format Version 11.00
# Visual Studio 2010
Project("{FAE04EC0-301F-11D3-BF4B-00C04F79EFBC}") = "Assembly1", "Assembly1\Assembly1.csproj", "{AE853AE7-F6BA-43CF-B841-22DA47FF0EE9}"
EndProject
Project("{8BC9CEB8-8B4A-11D0-8D11-00A0C91BC942}") = "Assembly2", "Assembly2\Assembly2.vcxproj", "{95ABC07A-B41C-41AB-9741-76D0791AFA58}"
EndProject
Global
	GlobalSection(SolutionConfigurationPlatforms) = preSolution
		Debug|Any CPU = Debug|Any CPU
		Debug|Mixed Platforms = Debug|Mixed Platforms
		Debug|Win32 = Debug|Win32
		Release|Any CPU = Release|Any CPU
		Release|Mixed Platforms = Release|Mixed Platforms
		Release|Win32 = Release|Win32
	EndGlobalSection
	GlobalSection(ProjectConfigurationPlatforms) = postSolution
		{AE853AE7-F6BA-43CF-B841-22DA47FF0EE9}.Debug|Any CPU.ActiveCfg = Debug|Any CPU
		{AE853AE7-F6BA-43CF-B841-22DA47FF0EE9}.Debug|Any CPU.Build.0 = Debug|Any CPU
		{AE853AE7-F6BA-43CF-B841-22DA47FF0EE9}.Debug|Mixed Platforms.ActiveCfg = Debug|Any CPU
		{AE853AE7-F6BA-43CF-B841-22DA47FF0EE9}.Debug|Mixed Platforms.Build.0 = Debug|Any CPU
		{AE853AE7-F6BA-43CF-B841-22DA47FF0EE9}.Debug|Win32.ActiveCfg = Debug|Any CPU
		{AE853AE7-F6BA-43CF-B841-22DA47FF0EE9}.Release|Any CPU.ActiveCfg = Release|Any CPU
		{AE853AE7-F6BA-43CF-B841-22DA47FF0EE9}.Release|Any CPU.Build.0 = Release|Any CPU
		{AE853AE7-F6BA-43CF-B841-22DA47FF0EE9}.Release|Mixed Platforms.ActiveCfg = Release|Any CPU
		{AE853AE7-F6BA-43CF-B841-22DA47FF0EE9}.Release|Mixed Platforms.Build.0 = Release|Any CPU
		{AE853AE7-F6BA-43CF-B841-22DA47FF0EE9}.Release|Win32.ActiveCfg = Release|Any CPU
		{95ABC07A-B41C-41AB-9741-76D0791AFA58}.Debug|Any CPU.ActiveCfg = Debug|Win32
		{95ABC07A-B41C-41AB-9741-76D0791AFA58}.Debug|Mixed Platforms.ActiveCfg = Debug|Win32
		{95ABC07A-B41C-41AB-9741-76D0791AFA58}.Debug|Mixed Platforms.Build.0 = Debug|Win32
		{95ABC07A-B41C-41AB-9741-76D0791AFA58}.Debug|Win32.ActiveCfg = Debug|Win32
		{95ABC07A-B41C-41AB-9741-76D0791AFA58}.Debug|Win32.Build.0 = Debug|Win32
		{95ABC07A-B41C-41AB-9741-76D0791AFA58}.Release|Any CPU.ActiveCfg = Release|Win32
		{95ABC07A-B41C-41AB-9741-76D0791AFA58}.Release|Mixed Platforms.ActiveCfg = Release|Win32
		{95ABC07A-B41C-41AB-9741-76D0791AFA58}.Release|Mixed Platforms.Build.0 = Release|Win32
		{95ABC07A-B41C-41AB-9741-76D0791AFA58}.Release|Win32.ActiveCfg = Release|Win32
		{95ABC07A-B41C-41AB-9741-76D0791AFA58}.Release|Win32.Build.0 = Release|Win32
	EndGlobalSection
	GlobalSection(SolutionProperties) = preSolution
		HideSolutionNode = FALSE
	EndGlobalSection
EndGlobal
