Microsoft Visual Studio Solution File, Format Version 9.00
# Visual Studio 2005
Project("{FAE04EC0-301F-11D3-BF4B-00C04F79EFBC}") = "ClickThrough", "ClickThrough.csproj", "{5EB7B5FD-0B3D-4FDF-8BAD-E4825FF874EC}"
EndProject
Project("{FAE04EC0-301F-11D3-BF4B-00C04F79EFBC}") = "Wix", "..\..\wix\Wix.csproj", "{9E03A94C-C70E-45C6-A269-E737BBD8B319}"
EndProject
Project("{FAE04EC0-301F-11D3-BF4B-00C04F79EFBC}") = "ambient", "..\..\ambient\dll\ambient.csproj", "{0C1C20B7-92DD-4B84-B031-029D921FB669}"
EndProject
Project("{8BC9CEB8-8B4A-11D0-8D11-00A0C91BC942}") = "setupexe", "..\setupexe\setupexe.vcproj", "{D6408064-C0F8-4147-844D-BD7208728422}"
EndProject
Project("{8BC9CEB8-8B4A-11D0-8D11-00A0C91BC942}") = "updateexe", "..\updateexe\updateexe.vcproj", "{97B6686B-8AEE-44A1-A1D5-B5DBA9657A28}"
EndProject
Project("{8BC9CEB8-8B4A-11D0-8D11-00A0C91BC942}") = "dll", "..\setupbld\dll\dll.vcproj", "{6EE5064F-A4E8-4557-9144-AB0C751D2F9A}"
EndProject
Project("{8BC9CEB8-8B4A-11D0-8D11-00A0C91BC942}") = "exe", "..\setupbld\exe\exe.vcproj", "{826962D3-9C03-4ABC-AAE4-51186FF9F993}"
EndProject
Global
	GlobalSection(SolutionConfigurationPlatforms) = preSolution
		Debug|Any CPU = Debug|Any CPU
		Debug|Mixed Platforms = Debug|Mixed Platforms
		Debug|Win32 = Debug|Win32
		Release|Any CPU = Release|Any CPU
		Release|Mixed Platforms = Release|Mixed Platforms
		Release|Win32 = Release|Win32
	EndGlobalSection
	GlobalSection(ProjectConfigurationPlatforms) = postSolution
		{5EB7B5FD-0B3D-4FDF-8BAD-E4825FF874EC}.Debug|Any CPU.ActiveCfg = Debug|Any CPU
		{5EB7B5FD-0B3D-4FDF-8BAD-E4825FF874EC}.Debug|Any CPU.Build.0 = Debug|Any CPU
		{5EB7B5FD-0B3D-4FDF-8BAD-E4825FF874EC}.Debug|Mixed Platforms.ActiveCfg = Debug|Any CPU
		{5EB7B5FD-0B3D-4FDF-8BAD-E4825FF874EC}.Debug|Mixed Platforms.Build.0 = Debug|Any CPU
		{5EB7B5FD-0B3D-4FDF-8BAD-E4825FF874EC}.Debug|Win32.ActiveCfg = Debug|Any CPU
		{5EB7B5FD-0B3D-4FDF-8BAD-E4825FF874EC}.Release|Any CPU.ActiveCfg = Release|Any CPU
		{5EB7B5FD-0B3D-4FDF-8BAD-E4825FF874EC}.Release|Any CPU.Build.0 = Release|Any CPU
		{5EB7B5FD-0B3D-4FDF-8BAD-E4825FF874EC}.Release|Mixed Platforms.ActiveCfg = Release|Any CPU
		{5EB7B5FD-0B3D-4FDF-8BAD-E4825FF874EC}.Release|Mixed Platforms.Build.0 = Release|Any CPU
		{5EB7B5FD-0B3D-4FDF-8BAD-E4825FF874EC}.Release|Win32.ActiveCfg = Release|Any CPU
		{9E03A94C-C70E-45C6-A269-E737BBD8B319}.Debug|Any CPU.ActiveCfg = Debug|Any CPU
		{9E03A94C-C70E-45C6-A269-E737BBD8B319}.Debug|Any CPU.Build.0 = Debug|Any CPU
		{9E03A94C-C70E-45C6-A269-E737BBD8B319}.Debug|Mixed Platforms.ActiveCfg = Debug|Any CPU
		{9E03A94C-C70E-45C6-A269-E737BBD8B319}.Debug|Mixed Platforms.Build.0 = Debug|Any CPU
		{9E03A94C-C70E-45C6-A269-E737BBD8B319}.Debug|Win32.ActiveCfg = Debug|Any CPU
		{9E03A94C-C70E-45C6-A269-E737BBD8B319}.Release|Any CPU.ActiveCfg = Release|Any CPU
		{9E03A94C-C70E-45C6-A269-E737BBD8B319}.Release|Any CPU.Build.0 = Release|Any CPU
		{9E03A94C-C70E-45C6-A269-E737BBD8B319}.Release|Mixed Platforms.ActiveCfg = Release|Any CPU
		{9E03A94C-C70E-45C6-A269-E737BBD8B319}.Release|Mixed Platforms.Build.0 = Release|Any CPU
		{9E03A94C-C70E-45C6-A269-E737BBD8B319}.Release|Win32.ActiveCfg = Release|Any CPU
		{0C1C20B7-92DD-4B84-B031-029D921FB669}.Debug|Any CPU.ActiveCfg = Debug|Any CPU
		{0C1C20B7-92DD-4B84-B031-029D921FB669}.Debug|Any CPU.Build.0 = Debug|Any CPU
		{0C1C20B7-92DD-4B84-B031-029D921FB669}.Debug|Mixed Platforms.ActiveCfg = Debug|Any CPU
		{0C1C20B7-92DD-4B84-B031-029D921FB669}.Debug|Mixed Platforms.Build.0 = Debug|Any CPU
		{0C1C20B7-92DD-4B84-B031-029D921FB669}.Debug|Win32.ActiveCfg = Debug|Any CPU
		{0C1C20B7-92DD-4B84-B031-029D921FB669}.Release|Any CPU.ActiveCfg = Release|Any CPU
		{0C1C20B7-92DD-4B84-B031-029D921FB669}.Release|Any CPU.Build.0 = Release|Any CPU
		{0C1C20B7-92DD-4B84-B031-029D921FB669}.Release|Mixed Platforms.ActiveCfg = Release|Any CPU
		{0C1C20B7-92DD-4B84-B031-029D921FB669}.Release|Mixed Platforms.Build.0 = Release|Any CPU
		{0C1C20B7-92DD-4B84-B031-029D921FB669}.Release|Win32.ActiveCfg = Release|Any CPU
		{D6408064-C0F8-4147-844D-BD7208728422}.Debug|Any CPU.ActiveCfg = Debug|Win32
		{D6408064-C0F8-4147-844D-BD7208728422}.Debug|Mixed Platforms.ActiveCfg = Debug|Win32
		{D6408064-C0F8-4147-844D-BD7208728422}.Debug|Mixed Platforms.Build.0 = Debug|Win32
		{D6408064-C0F8-4147-844D-BD7208728422}.Debug|Win32.ActiveCfg = Debug|Win32
		{D6408064-C0F8-4147-844D-BD7208728422}.Debug|Win32.Build.0 = Debug|Win32
		{D6408064-C0F8-4147-844D-BD7208728422}.Release|Any CPU.ActiveCfg = Release|Win32
		{D6408064-C0F8-4147-844D-BD7208728422}.Release|Mixed Platforms.ActiveCfg = Release|Win32
		{D6408064-C0F8-4147-844D-BD7208728422}.Release|Mixed Platforms.Build.0 = Release|Win32
		{D6408064-C0F8-4147-844D-BD7208728422}.Release|Win32.ActiveCfg = Release|Win32
		{D6408064-C0F8-4147-844D-BD7208728422}.Release|Win32.Build.0 = Release|Win32
		{97B6686B-8AEE-44A1-A1D5-B5DBA9657A28}.Debug|Any CPU.ActiveCfg = Debug|Win32
		{97B6686B-8AEE-44A1-A1D5-B5DBA9657A28}.Debug|Mixed Platforms.ActiveCfg = Debug|Win32
		{97B6686B-8AEE-44A1-A1D5-B5DBA9657A28}.Debug|Mixed Platforms.Build.0 = Debug|Win32
		{97B6686B-8AEE-44A1-A1D5-B5DBA9657A28}.Debug|Win32.ActiveCfg = Debug|Win32
		{97B6686B-8AEE-44A1-A1D5-B5DBA9657A28}.Debug|Win32.Build.0 = Debug|Win32
		{97B6686B-8AEE-44A1-A1D5-B5DBA9657A28}.Release|Any CPU.ActiveCfg = Release|Win32
		{97B6686B-8AEE-44A1-A1D5-B5DBA9657A28}.Release|Mixed Platforms.ActiveCfg = Release|Win32
		{97B6686B-8AEE-44A1-A1D5-B5DBA9657A28}.Release|Mixed Platforms.Build.0 = Release|Win32
		{97B6686B-8AEE-44A1-A1D5-B5DBA9657A28}.Release|Win32.ActiveCfg = Release|Win32
		{97B6686B-8AEE-44A1-A1D5-B5DBA9657A28}.Release|Win32.Build.0 = Release|Win32
		{6EE5064F-A4E8-4557-9144-AB0C751D2F9A}.Debug|Any CPU.ActiveCfg = Debug|Win32
		{6EE5064F-A4E8-4557-9144-AB0C751D2F9A}.Debug|Mixed Platforms.ActiveCfg = Debug|Win32
		{6EE5064F-A4E8-4557-9144-AB0C751D2F9A}.Debug|Mixed Platforms.Build.0 = Debug|Win32
		{6EE5064F-A4E8-4557-9144-AB0C751D2F9A}.Debug|Win32.ActiveCfg = Debug|Win32
		{6EE5064F-A4E8-4557-9144-AB0C751D2F9A}.Debug|Win32.Build.0 = Debug|Win32
		{6EE5064F-A4E8-4557-9144-AB0C751D2F9A}.Release|Any CPU.ActiveCfg = Release|Win32
		{6EE5064F-A4E8-4557-9144-AB0C751D2F9A}.Release|Mixed Platforms.ActiveCfg = Release|Win32
		{6EE5064F-A4E8-4557-9144-AB0C751D2F9A}.Release|Mixed Platforms.Build.0 = Release|Win32
		{6EE5064F-A4E8-4557-9144-AB0C751D2F9A}.Release|Win32.ActiveCfg = Release|Win32
		{6EE5064F-A4E8-4557-9144-AB0C751D2F9A}.Release|Win32.Build.0 = Release|Win32
		{826962D3-9C03-4ABC-AAE4-51186FF9F993}.Debug|Any CPU.ActiveCfg = Debug|Win32
		{826962D3-9C03-4ABC-AAE4-51186FF9F993}.Debug|Mixed Platforms.ActiveCfg = Debug|Win32
		{826962D3-9C03-4ABC-AAE4-51186FF9F993}.Debug|Mixed Platforms.Build.0 = Debug|Win32
		{826962D3-9C03-4ABC-AAE4-51186FF9F993}.Debug|Win32.ActiveCfg = Debug|Win32
		{826962D3-9C03-4ABC-AAE4-51186FF9F993}.Debug|Win32.Build.0 = Debug|Win32
		{826962D3-9C03-4ABC-AAE4-51186FF9F993}.Release|Any CPU.ActiveCfg = Release|Win32
		{826962D3-9C03-4ABC-AAE4-51186FF9F993}.Release|Mixed Platforms.ActiveCfg = Release|Win32
		{826962D3-9C03-4ABC-AAE4-51186FF9F993}.Release|Mixed Platforms.Build.0 = Release|Win32
		{826962D3-9C03-4ABC-AAE4-51186FF9F993}.Release|Win32.ActiveCfg = Release|Win32
		{826962D3-9C03-4ABC-AAE4-51186FF9F993}.Release|Win32.Build.0 = Release|Win32
	EndGlobalSection
	GlobalSection(SolutionProperties) = preSolution
		HideSolutionNode = FALSE
	EndGlobalSection
EndGlobal
