Microsoft Visual Studio Solution File, Format Version 11.00
# Visual Studio 2010
Project("{2150E333-8FDC-42A3-9474-1A3956D46DE8}") = "Lux", "Lux", "{BB0138A0-457A-409C-A6FE-F39546050897}"
	ProjectSection(SolutionItems) = preProject
		chm\documents\overview\lux.html.md = chm\documents\overview\lux.html.md
	EndProjectSection
EndProject
Project("{2150E333-8FDC-42A3-9474-1A3956D46DE8}") = "References", "References", "{163B6562-13E0-4505-9EA4-2B5735AAE05A}"
EndProject
Project("{FAE04EC0-301F-11D3-BF4B-00C04F79EFBC}") = "LuxCustomActions", "ext\lux\ca\LuxCustomActions.csproj", "{E4E8ABBE-1FA6-44F5-BA99-B840C6779A04}"
EndProject
Project("{FAE04EC0-301F-11D3-BF4B-00C04F79EFBC}") = "lux", "ext\lux\lux\lux.csproj", "{C50F3641-33F8-4865-8581-E369503937FB}"
EndProject
Project("{FAE04EC0-301F-11D3-BF4B-00C04F79EFBC}") = "WixLuxExtension", "ext\lux\wixext\WixLuxExtension.csproj", "{4E633314-DF9D-4828-BCB4-D959EBBBF114}"
	ProjectSection(ProjectDependencies) = postProject
		{9590C9DD-52B5-4463-87ED-67D399A1F104} = {9590C9DD-52B5-4463-87ED-67D399A1F104}
	EndProjectSection
EndProject
Project("{930C7802-8A8C-48F9-8165-68863BCCD9DD}") = "LuxLib", "ext\lux\wixlib\LuxLib.wixproj", "{9590C9DD-52B5-4463-87ED-67D399A1F104}"
	ProjectSection(ProjectDependencies) = postProject
		{E4E8ABBE-1FA6-44F5-BA99-B840C6779A04} = {E4E8ABBE-1FA6-44F5-BA99-B840C6779A04}
	EndProjectSection
EndProject
Project("{FAE04EC0-301F-11D3-BF4B-00C04F79EFBC}") = "LuxTasks", "ext\lux\tasks\LuxTasks.csproj", "{43BD7580-2DAC-4C80-AA9A-C10603917572}"
	ProjectSection(ProjectDependencies) = postProject
		{C50F3641-33F8-4865-8581-E369503937FB} = {C50F3641-33F8-4865-8581-E369503937FB}
	EndProjectSection
EndProject
Project("{FAE04EC0-301F-11D3-BF4B-00C04F79EFBC}") = "Wix", "tools\wix\Wix.csproj", "{9E03A94C-C70E-45C6-A269-E737BBD8B319}"
EndProject
Project("{FAE04EC0-301F-11D3-BF4B-00C04F79EFBC}") = "wconsole", "tools\wconsole\wconsole.csproj", "{4B2BD779-59F7-4BF1-871C-A75952BCA749}"
EndProject
Project("{FAE04EC0-301F-11D3-BF4B-00C04F79EFBC}") = "nit", "ext\lux\nit\nit.csproj", "{CE83C2D6-2A8E-43B3-8CD5-604F426BBFF9}"
EndProject
Project("{FAE04EC0-301F-11D3-BF4B-00C04F79EFBC}") = "WindowsInstaller", "DTF\Libraries\WindowsInstaller\WindowsInstaller.csproj", "{24121677-0ED0-41B5-833F-1B9A18E87BF4}"
EndProject
Project("{FAE04EC0-301F-11D3-BF4B-00C04F79EFBC}") = "WixTasks", "tools\WixTasks\WixTasks.csproj", "{21E8F2D3-EF19-49C8-88CA-A22C5B91DFDC}"
EndProject
Project("{FAE04EC0-301F-11D3-BF4B-00C04F79EFBC}") = "WixCop", "tools\wixcop\WixCop.csproj", "{93982760-E620-499A-9525-5763E813CB49}"
EndProject
Project("{FAE04EC0-301F-11D3-BF4B-00C04F79EFBC}") = "WindowsInstaller.Package", "DTF\Libraries\WindowsInstaller.Package\WindowsInstaller.Package.csproj", "{1A9940A7-3E29-4428-B753-C4CC66058F1A}"
EndProject
Project("{FAE04EC0-301F-11D3-BF4B-00C04F79EFBC}") = "melt", "tools\melt\melt.csproj", "{B92D961C-F7D5-49D3-BFC0-70A3133930A4}"
EndProject
Project("{FAE04EC0-301F-11D3-BF4B-00C04F79EFBC}") = "retina", "tools\retina\retina.csproj", "{61F9B185-0025-4609-853C-B870EEF88F25}"
EndProject
Global
	GlobalSection(SolutionConfigurationPlatforms) = preSolution
		Debug|Any CPU = Debug|Any CPU

		Debug|x64 = Debug|x64
		Debug|x86 = Debug|x86
		Release|Any CPU = Release|Any CPU

		Release|x64 = Release|x64
		Release|x86 = Release|x86
	EndGlobalSection
	GlobalSection(ProjectConfigurationPlatforms) = postSolution
		{E4E8ABBE-1FA6-44F5-BA99-B840C6779A04}.Debug|Any CPU.ActiveCfg = Debug|Any CPU
		{E4E8ABBE-1FA6-44F5-BA99-B840C6779A04}.Debug|Any CPU.Build.0 = Debug|Any CPU


		{E4E8ABBE-1FA6-44F5-BA99-B840C6779A04}.Debug|x64.ActiveCfg = Debug|x64
		{E4E8ABBE-1FA6-44F5-BA99-B840C6779A04}.Debug|x64.Build.0 = Debug|x64
		{E4E8ABBE-1FA6-44F5-BA99-B840C6779A04}.Debug|x86.ActiveCfg = Debug|x86
		{E4E8ABBE-1FA6-44F5-BA99-B840C6779A04}.Debug|x86.Build.0 = Debug|x86
		{E4E8ABBE-1FA6-44F5-BA99-B840C6779A04}.Release|Any CPU.ActiveCfg = Release|Any CPU
		{E4E8ABBE-1FA6-44F5-BA99-B840C6779A04}.Release|Any CPU.Build.0 = Release|Any CPU


		{E4E8ABBE-1FA6-44F5-BA99-B840C6779A04}.Release|x64.ActiveCfg = Release|x64
		{E4E8ABBE-1FA6-44F5-BA99-B840C6779A04}.Release|x64.Build.0 = Release|x64
		{E4E8ABBE-1FA6-44F5-BA99-B840C6779A04}.Release|x86.ActiveCfg = Release|x86
		{E4E8ABBE-1FA6-44F5-BA99-B840C6779A04}.Release|x86.Build.0 = Release|x86
		{C50F3641-33F8-4865-8581-E369503937FB}.Debug|Any CPU.ActiveCfg = Debug|Any CPU
		{C50F3641-33F8-4865-8581-E369503937FB}.Debug|Any CPU.Build.0 = Debug|Any CPU


		{C50F3641-33F8-4865-8581-E369503937FB}.Debug|x64.ActiveCfg = Debug|x64
		{C50F3641-33F8-4865-8581-E369503937FB}.Debug|x64.Build.0 = Debug|x64
		{C50F3641-33F8-4865-8581-E369503937FB}.Debug|x86.ActiveCfg = Debug|x86
		{C50F3641-33F8-4865-8581-E369503937FB}.Debug|x86.Build.0 = Debug|x86
		{C50F3641-33F8-4865-8581-E369503937FB}.Release|Any CPU.ActiveCfg = Release|Any CPU
		{C50F3641-33F8-4865-8581-E369503937FB}.Release|Any CPU.Build.0 = Release|Any CPU


		{C50F3641-33F8-4865-8581-E369503937FB}.Release|x64.ActiveCfg = Release|x64
		{C50F3641-33F8-4865-8581-E369503937FB}.Release|x64.Build.0 = Release|x64
		{C50F3641-33F8-4865-8581-E369503937FB}.Release|x86.ActiveCfg = Release|x86
		{C50F3641-33F8-4865-8581-E369503937FB}.Release|x86.Build.0 = Release|x86
		{4E633314-DF9D-4828-BCB4-D959EBBBF114}.Debug|Any CPU.ActiveCfg = Debug|Any CPU
		{4E633314-DF9D-4828-BCB4-D959EBBBF114}.Debug|Any CPU.Build.0 = Debug|Any CPU


		{4E633314-DF9D-4828-BCB4-D959EBBBF114}.Debug|x64.ActiveCfg = Debug|x64
		{4E633314-DF9D-4828-BCB4-D959EBBBF114}.Debug|x64.Build.0 = Debug|x64
		{4E633314-DF9D-4828-BCB4-D959EBBBF114}.Debug|x86.ActiveCfg = Debug|x86
		{4E633314-DF9D-4828-BCB4-D959EBBBF114}.Debug|x86.Build.0 = Debug|x86
		{4E633314-DF9D-4828-BCB4-D959EBBBF114}.Release|Any CPU.ActiveCfg = Release|Any CPU
		{4E633314-DF9D-4828-BCB4-D959EBBBF114}.Release|Any CPU.Build.0 = Release|Any CPU


		{4E633314-DF9D-4828-BCB4-D959EBBBF114}.Release|x64.ActiveCfg = Release|x64
		{4E633314-DF9D-4828-BCB4-D959EBBBF114}.Release|x64.Build.0 = Release|x64
		{4E633314-DF9D-4828-BCB4-D959EBBBF114}.Release|x86.ActiveCfg = Release|x86
		{4E633314-DF9D-4828-BCB4-D959EBBBF114}.Release|x86.Build.0 = Release|x86
		{9590C9DD-52B5-4463-87ED-67D399A1F104}.Debug|Any CPU.ActiveCfg = Debug|x86
		{9590C9DD-52B5-4463-87ED-67D399A1F104}.Debug|Any CPU.Build.0 = Debug|x86


		{9590C9DD-52B5-4463-87ED-67D399A1F104}.Debug|x64.ActiveCfg = Debug|x64
		{9590C9DD-52B5-4463-87ED-67D399A1F104}.Debug|x64.Build.0 = Debug|x64
		{9590C9DD-52B5-4463-87ED-67D399A1F104}.Debug|x86.ActiveCfg = Debug|x86
		{9590C9DD-52B5-4463-87ED-67D399A1F104}.Debug|x86.Build.0 = Debug|x86
		{9590C9DD-52B5-4463-87ED-67D399A1F104}.Release|Any CPU.ActiveCfg = Release|x86
		{9590C9DD-52B5-4463-87ED-67D399A1F104}.Release|Any CPU.Build.0 = Debug|x86


		{9590C9DD-52B5-4463-87ED-67D399A1F104}.Release|x64.ActiveCfg = Release|x64
		{9590C9DD-52B5-4463-87ED-67D399A1F104}.Release|x64.Build.0 = Release|x64
		{9590C9DD-52B5-4463-87ED-67D399A1F104}.Release|x86.ActiveCfg = Release|x86
		{9590C9DD-52B5-4463-87ED-67D399A1F104}.Release|x86.Build.0 = Release|x86
		{43BD7580-2DAC-4C80-AA9A-C10603917572}.Debug|Any CPU.ActiveCfg = Debug|Any CPU
		{43BD7580-2DAC-4C80-AA9A-C10603917572}.Debug|Any CPU.Build.0 = Debug|Any CPU


		{43BD7580-2DAC-4C80-AA9A-C10603917572}.Debug|x64.ActiveCfg = Debug|x64
		{43BD7580-2DAC-4C80-AA9A-C10603917572}.Debug|x64.Build.0 = Debug|x64
		{43BD7580-2DAC-4C80-AA9A-C10603917572}.Debug|x86.ActiveCfg = Debug|x86
		{43BD7580-2DAC-4C80-AA9A-C10603917572}.Debug|x86.Build.0 = Debug|x86
		{43BD7580-2DAC-4C80-AA9A-C10603917572}.Release|Any CPU.ActiveCfg = Release|Any CPU
		{43BD7580-2DAC-4C80-AA9A-C10603917572}.Release|Any CPU.Build.0 = Release|Any CPU


		{43BD7580-2DAC-4C80-AA9A-C10603917572}.Release|x64.ActiveCfg = Release|x64
		{43BD7580-2DAC-4C80-AA9A-C10603917572}.Release|x64.Build.0 = Release|x64
		{43BD7580-2DAC-4C80-AA9A-C10603917572}.Release|x86.ActiveCfg = Release|x86
		{43BD7580-2DAC-4C80-AA9A-C10603917572}.Release|x86.Build.0 = Release|x86
		{9E03A94C-C70E-45C6-A269-E737BBD8B319}.Debug|Any CPU.ActiveCfg = Debug|Any CPU
		{9E03A94C-C70E-45C6-A269-E737BBD8B319}.Debug|Any CPU.Build.0 = Debug|Any CPU


		{9E03A94C-C70E-45C6-A269-E737BBD8B319}.Debug|x64.ActiveCfg = Debug|x64
		{9E03A94C-C70E-45C6-A269-E737BBD8B319}.Debug|x64.Build.0 = Debug|x64
		{9E03A94C-C70E-45C6-A269-E737BBD8B319}.Debug|x86.ActiveCfg = Debug|x86
		{9E03A94C-C70E-45C6-A269-E737BBD8B319}.Debug|x86.Build.0 = Debug|x86
		{9E03A94C-C70E-45C6-A269-E737BBD8B319}.Release|Any CPU.ActiveCfg = Release|Any CPU
		{9E03A94C-C70E-45C6-A269-E737BBD8B319}.Release|Any CPU.Build.0 = Release|Any CPU


		{9E03A94C-C70E-45C6-A269-E737BBD8B319}.Release|x64.ActiveCfg = Release|x64
		{9E03A94C-C70E-45C6-A269-E737BBD8B319}.Release|x64.Build.0 = Release|x64
		{9E03A94C-C70E-45C6-A269-E737BBD8B319}.Release|x86.ActiveCfg = Release|x86
		{9E03A94C-C70E-45C6-A269-E737BBD8B319}.Release|x86.Build.0 = Release|x86
		{4B2BD779-59F7-4BF1-871C-A75952BCA749}.Debug|Any CPU.ActiveCfg = Debug|Any CPU
		{4B2BD779-59F7-4BF1-871C-A75952BCA749}.Debug|Any CPU.Build.0 = Debug|Any CPU


		{4B2BD779-59F7-4BF1-871C-A75952BCA749}.Debug|x64.ActiveCfg = Debug|x64
		{4B2BD779-59F7-4BF1-871C-A75952BCA749}.Debug|x64.Build.0 = Debug|x64
		{4B2BD779-59F7-4BF1-871C-A75952BCA749}.Debug|x86.ActiveCfg = Debug|x86
		{4B2BD779-59F7-4BF1-871C-A75952BCA749}.Debug|x86.Build.0 = Debug|x86
		{4B2BD779-59F7-4BF1-871C-A75952BCA749}.Release|Any CPU.ActiveCfg = Release|Any CPU
		{4B2BD779-59F7-4BF1-871C-A75952BCA749}.Release|Any CPU.Build.0 = Release|Any CPU


		{4B2BD779-59F7-4BF1-871C-A75952BCA749}.Release|x64.ActiveCfg = Release|x64
		{4B2BD779-59F7-4BF1-871C-A75952BCA749}.Release|x64.Build.0 = Release|x64
		{4B2BD779-59F7-4BF1-871C-A75952BCA749}.Release|x86.ActiveCfg = Release|x86
		{4B2BD779-59F7-4BF1-871C-A75952BCA749}.Release|x86.Build.0 = Release|x86
		{CE83C2D6-2A8E-43B3-8CD5-604F426BBFF9}.Debug|Any CPU.ActiveCfg = Debug|Any CPU
		{CE83C2D6-2A8E-43B3-8CD5-604F426BBFF9}.Debug|Any CPU.Build.0 = Debug|Any CPU


		{CE83C2D6-2A8E-43B3-8CD5-604F426BBFF9}.Debug|x64.ActiveCfg = Debug|x64
		{CE83C2D6-2A8E-43B3-8CD5-604F426BBFF9}.Debug|x64.Build.0 = Debug|x64
		{CE83C2D6-2A8E-43B3-8CD5-604F426BBFF9}.Debug|x86.ActiveCfg = Debug|x86
		{CE83C2D6-2A8E-43B3-8CD5-604F426BBFF9}.Debug|x86.Build.0 = Debug|x86
		{CE83C2D6-2A8E-43B3-8CD5-604F426BBFF9}.Release|Any CPU.ActiveCfg = Release|Any CPU
		{CE83C2D6-2A8E-43B3-8CD5-604F426BBFF9}.Release|Any CPU.Build.0 = Release|Any CPU


		{CE83C2D6-2A8E-43B3-8CD5-604F426BBFF9}.Release|x64.ActiveCfg = Release|x64
		{CE83C2D6-2A8E-43B3-8CD5-604F426BBFF9}.Release|x64.Build.0 = Release|x64
		{CE83C2D6-2A8E-43B3-8CD5-604F426BBFF9}.Release|x86.ActiveCfg = Release|x86
		{CE83C2D6-2A8E-43B3-8CD5-604F426BBFF9}.Release|x86.Build.0 = Release|x86
		{24121677-0ED0-41B5-833F-1B9A18E87BF4}.Debug|Any CPU.ActiveCfg = Debug|Any CPU
		{24121677-0ED0-41B5-833F-1B9A18E87BF4}.Debug|Any CPU.Build.0 = Debug|Any CPU


		{24121677-0ED0-41B5-833F-1B9A18E87BF4}.Debug|x64.ActiveCfg = Debug|x64
		{24121677-0ED0-41B5-833F-1B9A18E87BF4}.Debug|x64.Build.0 = Debug|x64
		{24121677-0ED0-41B5-833F-1B9A18E87BF4}.Debug|x86.ActiveCfg = Debug|x86
		{24121677-0ED0-41B5-833F-1B9A18E87BF4}.Debug|x86.Build.0 = Debug|x86
		{24121677-0ED0-41B5-833F-1B9A18E87BF4}.Release|Any CPU.ActiveCfg = Release|Any CPU
		{24121677-0ED0-41B5-833F-1B9A18E87BF4}.Release|Any CPU.Build.0 = Release|Any CPU


		{24121677-0ED0-41B5-833F-1B9A18E87BF4}.Release|x64.ActiveCfg = Release|x64
		{24121677-0ED0-41B5-833F-1B9A18E87BF4}.Release|x64.Build.0 = Release|x64
		{24121677-0ED0-41B5-833F-1B9A18E87BF4}.Release|x86.ActiveCfg = Release|x86
		{24121677-0ED0-41B5-833F-1B9A18E87BF4}.Release|x86.Build.0 = Release|x86
		{21E8F2D3-EF19-49C8-88CA-A22C5B91DFDC}.Debug|Any CPU.ActiveCfg = Debug|Any CPU
		{21E8F2D3-EF19-49C8-88CA-A22C5B91DFDC}.Debug|Any CPU.Build.0 = Debug|Any CPU


		{21E8F2D3-EF19-49C8-88CA-A22C5B91DFDC}.Debug|x64.ActiveCfg = Debug|x64
		{21E8F2D3-EF19-49C8-88CA-A22C5B91DFDC}.Debug|x64.Build.0 = Debug|x64
		{21E8F2D3-EF19-49C8-88CA-A22C5B91DFDC}.Debug|x86.ActiveCfg = Debug|x86
		{21E8F2D3-EF19-49C8-88CA-A22C5B91DFDC}.Debug|x86.Build.0 = Debug|x86
		{21E8F2D3-EF19-49C8-88CA-A22C5B91DFDC}.Release|Any CPU.ActiveCfg = Release|Any CPU
		{21E8F2D3-EF19-49C8-88CA-A22C5B91DFDC}.Release|Any CPU.Build.0 = Release|Any CPU


		{21E8F2D3-EF19-49C8-88CA-A22C5B91DFDC}.Release|x64.ActiveCfg = Release|x64
		{21E8F2D3-EF19-49C8-88CA-A22C5B91DFDC}.Release|x64.Build.0 = Release|x64
		{21E8F2D3-EF19-49C8-88CA-A22C5B91DFDC}.Release|x86.ActiveCfg = Release|x86
		{21E8F2D3-EF19-49C8-88CA-A22C5B91DFDC}.Release|x86.Build.0 = Release|x86
		{93982760-E620-499A-9525-5763E813CB49}.Debug|Any CPU.ActiveCfg = Debug|Any CPU
		{93982760-E620-499A-9525-5763E813CB49}.Debug|Any CPU.Build.0 = Debug|Any CPU


		{93982760-E620-499A-9525-5763E813CB49}.Debug|x64.ActiveCfg = Debug|x64
		{93982760-E620-499A-9525-5763E813CB49}.Debug|x64.Build.0 = Debug|x64
		{93982760-E620-499A-9525-5763E813CB49}.Debug|x86.ActiveCfg = Debug|x86
		{93982760-E620-499A-9525-5763E813CB49}.Debug|x86.Build.0 = Debug|x86
		{93982760-E620-499A-9525-5763E813CB49}.Release|Any CPU.ActiveCfg = Release|Any CPU
		{93982760-E620-499A-9525-5763E813CB49}.Release|Any CPU.Build.0 = Release|Any CPU


		{93982760-E620-499A-9525-5763E813CB49}.Release|x64.ActiveCfg = Release|x64
		{93982760-E620-499A-9525-5763E813CB49}.Release|x64.Build.0 = Release|x64
		{93982760-E620-499A-9525-5763E813CB49}.Release|x86.ActiveCfg = Release|x86
		{93982760-E620-499A-9525-5763E813CB49}.Release|x86.Build.0 = Release|x86
		{1A9940A7-3E29-4428-B753-C4CC66058F1A}.Debug|Any CPU.ActiveCfg = Debug|Any CPU
		{1A9940A7-3E29-4428-B753-C4CC66058F1A}.Debug|Any CPU.Build.0 = Debug|Any CPU


		{1A9940A7-3E29-4428-B753-C4CC66058F1A}.Debug|x64.ActiveCfg = Debug|x64
		{1A9940A7-3E29-4428-B753-C4CC66058F1A}.Debug|x64.Build.0 = Debug|x64
		{1A9940A7-3E29-4428-B753-C4CC66058F1A}.Debug|x86.ActiveCfg = Debug|x86
		{1A9940A7-3E29-4428-B753-C4CC66058F1A}.Debug|x86.Build.0 = Debug|x86
		{1A9940A7-3E29-4428-B753-C4CC66058F1A}.Release|Any CPU.ActiveCfg = Release|Any CPU
		{1A9940A7-3E29-4428-B753-C4CC66058F1A}.Release|Any CPU.Build.0 = Release|Any CPU


		{1A9940A7-3E29-4428-B753-C4CC66058F1A}.Release|x64.ActiveCfg = Release|x64
		{1A9940A7-3E29-4428-B753-C4CC66058F1A}.Release|x64.Build.0 = Release|x64
		{1A9940A7-3E29-4428-B753-C4CC66058F1A}.Release|x86.ActiveCfg = Release|x86
		{1A9940A7-3E29-4428-B753-C4CC66058F1A}.Release|x86.Build.0 = Release|x86
		{B92D961C-F7D5-49D3-BFC0-70A3133930A4}.Debug|Any CPU.ActiveCfg = Debug|Any CPU
		{B92D961C-F7D5-49D3-BFC0-70A3133930A4}.Debug|Any CPU.Build.0 = Debug|Any CPU


		{B92D961C-F7D5-49D3-BFC0-70A3133930A4}.Debug|x64.ActiveCfg = Debug|x64
		{B92D961C-F7D5-49D3-BFC0-70A3133930A4}.Debug|x64.Build.0 = Debug|x64
		{B92D961C-F7D5-49D3-BFC0-70A3133930A4}.Debug|x86.ActiveCfg = Debug|x86
		{B92D961C-F7D5-49D3-BFC0-70A3133930A4}.Debug|x86.Build.0 = Debug|x86
		{B92D961C-F7D5-49D3-BFC0-70A3133930A4}.Release|Any CPU.ActiveCfg = Release|Any CPU
		{B92D961C-F7D5-49D3-BFC0-70A3133930A4}.Release|Any CPU.Build.0 = Release|Any CPU


		{B92D961C-F7D5-49D3-BFC0-70A3133930A4}.Release|x64.ActiveCfg = Release|x64
		{B92D961C-F7D5-49D3-BFC0-70A3133930A4}.Release|x64.Build.0 = Release|x64
		{B92D961C-F7D5-49D3-BFC0-70A3133930A4}.Release|x86.ActiveCfg = Release|x86
		{B92D961C-F7D5-49D3-BFC0-70A3133930A4}.Release|x86.Build.0 = Release|x86
		{61F9B185-0025-4609-853C-B870EEF88F25}.Debug|Any CPU.ActiveCfg = Debug|Any CPU
		{61F9B185-0025-4609-853C-B870EEF88F25}.Debug|Any CPU.Build.0 = Debug|Any CPU


		{61F9B185-0025-4609-853C-B870EEF88F25}.Debug|x64.ActiveCfg = Debug|x64
		{61F9B185-0025-4609-853C-B870EEF88F25}.Debug|x64.Build.0 = Debug|x64
		{61F9B185-0025-4609-853C-B870EEF88F25}.Debug|x86.ActiveCfg = Debug|x86
		{61F9B185-0025-4609-853C-B870EEF88F25}.Debug|x86.Build.0 = Debug|x86
		{61F9B185-0025-4609-853C-B870EEF88F25}.Release|Any CPU.ActiveCfg = Release|Any CPU
		{61F9B185-0025-4609-853C-B870EEF88F25}.Release|Any CPU.Build.0 = Release|Any CPU


		{61F9B185-0025-4609-853C-B870EEF88F25}.Release|x64.ActiveCfg = Release|x64
		{61F9B185-0025-4609-853C-B870EEF88F25}.Release|x64.Build.0 = Release|x64
		{61F9B185-0025-4609-853C-B870EEF88F25}.Release|x86.ActiveCfg = Release|x86
		{61F9B185-0025-4609-853C-B870EEF88F25}.Release|x86.Build.0 = Release|x86
	EndGlobalSection
	GlobalSection(SolutionProperties) = preSolution
		HideSolutionNode = FALSE
	EndGlobalSection
	GlobalSection(NestedProjects) = preSolution
		{E4E8ABBE-1FA6-44F5-BA99-B840C6779A04} = {BB0138A0-457A-409C-A6FE-F39546050897}
		{C50F3641-33F8-4865-8581-E369503937FB} = {BB0138A0-457A-409C-A6FE-F39546050897}
		{4E633314-DF9D-4828-BCB4-D959EBBBF114} = {BB0138A0-457A-409C-A6FE-F39546050897}
		{9590C9DD-52B5-4463-87ED-67D399A1F104} = {BB0138A0-457A-409C-A6FE-F39546050897}
		{43BD7580-2DAC-4C80-AA9A-C10603917572} = {BB0138A0-457A-409C-A6FE-F39546050897}
		{CE83C2D6-2A8E-43B3-8CD5-604F426BBFF9} = {BB0138A0-457A-409C-A6FE-F39546050897}
		{9E03A94C-C70E-45C6-A269-E737BBD8B319} = {163B6562-13E0-4505-9EA4-2B5735AAE05A}
		{4B2BD779-59F7-4BF1-871C-A75952BCA749} = {163B6562-13E0-4505-9EA4-2B5735AAE05A}
		{24121677-0ED0-41B5-833F-1B9A18E87BF4} = {163B6562-13E0-4505-9EA4-2B5735AAE05A}
		{21E8F2D3-EF19-49C8-88CA-A22C5B91DFDC} = {163B6562-13E0-4505-9EA4-2B5735AAE05A}
		{1A9940A7-3E29-4428-B753-C4CC66058F1A} = {163B6562-13E0-4505-9EA4-2B5735AAE05A}
	EndGlobalSection
EndGlobal
