Microsoft Visual Studio Solution File, Format Version 12.00
# Visual Studio 15
VisualStudioVersion = 15.0.28307.960
MinimumVisualStudioVersion = 10.0.40219.1
Project("{FAE04EC0-301F-11D3-BF4B-00C04F79EFBC}") = "Wix", "tools\wix\Wix.csproj", "{9E03A94C-C70E-45C6-A269-E737BBD8B319}"
	ProjectSection(ProjectDependencies) = postProject
		{24121677-0ED0-41B5-833F-1B9A18E87BF4} = {24121677-0ED0-41B5-833F-1B9A18E87BF4}
	EndProjectSection
EndProject
Project("{FAE04EC0-301F-11D3-BF4B-00C04F79EFBC}") = "candle", "tools\candle\candle.csproj", "{956401A5-3C04-4786-9611-B2AEC6207686}"
	ProjectSection(ProjectDependencies) = postProject
		{9E03A94C-C70E-45C6-A269-E737BBD8B319} = {9E03A94C-C70E-45C6-A269-E737BBD8B319}
	EndProjectSection
EndProject
Project("{FAE04EC0-301F-11D3-BF4B-00C04F79EFBC}") = "light", "tools\light\light.csproj", "{90556207-597F-4046-9404-5BE6B3CC0938}"
	ProjectSection(ProjectDependencies) = postProject
		{9E03A94C-C70E-45C6-A269-E737BBD8B319} = {9E03A94C-C70E-45C6-A269-E737BBD8B319}
	EndProjectSection
EndProject
Project("{FAE04EC0-301F-11D3-BF4B-00C04F79EFBC}") = "lit", "tools\lit\lit.csproj", "{B4271B16-88B7-499A-881B-2813C1DB6285}"
EndProject
Project("{FAE04EC0-301F-11D3-BF4B-00C04F79EFBC}") = "dark", "tools\dark\dark.csproj", "{E004FD60-0C2C-4165-8E25-21E9A9AD155D}"
EndProject
Project("{FAE04EC0-301F-11D3-BF4B-00C04F79EFBC}") = "heat", "tools\heat\heat.csproj", "{97B3B5DF-70D2-4658-9259-1DB34976F89F}"
EndProject
Project("{FAE04EC0-301F-11D3-BF4B-00C04F79EFBC}") = "smoke", "tools\smoke\smoke.csproj", "{351FF633-899B-4411-9866-4C7838AD109F}"
EndProject
Project("{FAE04EC0-301F-11D3-BF4B-00C04F79EFBC}") = "torch", "tools\torch\torch.csproj", "{7BC95599-2920-4824-B9F9-B21D8CFF061B}"
EndProject
Project("{FAE04EC0-301F-11D3-BF4B-00C04F79EFBC}") = "wconsole", "tools\wconsole\wconsole.csproj", "{4B2BD779-59F7-4BF1-871C-A75952BCA749}"
EndProject
Project("{FAE04EC0-301F-11D3-BF4B-00C04F79EFBC}") = "pyro", "tools\pyro\pyro.csproj", "{EC5BD7DE-29C4-4FDC-9953-8707B6DBDB00}"
EndProject
Project("{FAE04EC0-301F-11D3-BF4B-00C04F79EFBC}") = "WixTasks", "tools\WixTasks\WixTasks.csproj", "{21E8F2D3-EF19-49C8-88CA-A22C5B91DFDC}"
EndProject
Project("{FAE04EC0-301F-11D3-BF4B-00C04F79EFBC}") = "WindowsInstaller", "DTF\Libraries\WindowsInstaller\WindowsInstaller.csproj", "{24121677-0ED0-41B5-833F-1B9A18E87BF4}"
EndProject
Project("{FAE04EC0-301F-11D3-BF4B-00C04F79EFBC}") = "Resources", "DTF\Libraries\Resources\Resources.csproj", "{44931ECB-8D6F-4C12-A872-64E261B6A98E}"
EndProject
Global
	GlobalSection(SolutionConfigurationPlatforms) = preSolution
		Debug|Any CPU = Debug|Any CPU
		Debug|arm = Debug|arm
		Debug|Mixed Platforms = Debug|Mixed Platforms
		Debug|Win32 = Debug|Win32
		Debug|x64 = Debug|x64
		Debug|x86 = Debug|x86
		Release|Any CPU = Release|Any CPU
		Release|arm = Release|arm
		Release|Mixed Platforms = Release|Mixed Platforms
		Release|Win32 = Release|Win32
		Release|x64 = Release|x64
		Release|x86 = Release|x86
	EndGlobalSection
	GlobalSection(ProjectConfigurationPlatforms) = postSolution
		{9E03A94C-C70E-45C6-A269-E737BBD8B319}.Debug|Any CPU.ActiveCfg = Debug|Any CPU
		{9E03A94C-C70E-45C6-A269-E737BBD8B319}.Debug|Any CPU.Build.0 = Debug|Any CPU
		{9E03A94C-C70E-45C6-A269-E737BBD8B319}.Debug|arm.ActiveCfg = Debug|arm
		{9E03A94C-C70E-45C6-A269-E737BBD8B319}.Debug|arm.Build.0 = Debug|arm
		{9E03A94C-C70E-45C6-A269-E737BBD8B319}.Debug|Mixed Platforms.ActiveCfg = Debug|Any CPU
		{9E03A94C-C70E-45C6-A269-E737BBD8B319}.Debug|Mixed Platforms.Build.0 = Debug|Any CPU
		{9E03A94C-C70E-45C6-A269-E737BBD8B319}.Debug|Win32.ActiveCfg = Debug|Any CPU
		{9E03A94C-C70E-45C6-A269-E737BBD8B319}.Debug|x64.ActiveCfg = Debug|x64
		{9E03A94C-C70E-45C6-A269-E737BBD8B319}.Debug|x64.Build.0 = Debug|x64
		{9E03A94C-C70E-45C6-A269-E737BBD8B319}.Debug|x86.ActiveCfg = Debug|x86
		{9E03A94C-C70E-45C6-A269-E737BBD8B319}.Debug|x86.Build.0 = Debug|x86
		{9E03A94C-C70E-45C6-A269-E737BBD8B319}.Release|Any CPU.ActiveCfg = Release|Any CPU
		{9E03A94C-C70E-45C6-A269-E737BBD8B319}.Release|Any CPU.Build.0 = Release|Any CPU
		{9E03A94C-C70E-45C6-A269-E737BBD8B319}.Release|arm.ActiveCfg = Release|arm
		{9E03A94C-C70E-45C6-A269-E737BBD8B319}.Release|arm.Build.0 = Release|arm
		{9E03A94C-C70E-45C6-A269-E737BBD8B319}.Release|Mixed Platforms.ActiveCfg = Release|Any CPU
		{9E03A94C-C70E-45C6-A269-E737BBD8B319}.Release|Mixed Platforms.Build.0 = Release|Any CPU
		{9E03A94C-C70E-45C6-A269-E737BBD8B319}.Release|Win32.ActiveCfg = Release|Any CPU
		{9E03A94C-C70E-45C6-A269-E737BBD8B319}.Release|x64.ActiveCfg = Release|x64
		{9E03A94C-C70E-45C6-A269-E737BBD8B319}.Release|x64.Build.0 = Release|x64
		{9E03A94C-C70E-45C6-A269-E737BBD8B319}.Release|x86.ActiveCfg = Release|x86
		{9E03A94C-C70E-45C6-A269-E737BBD8B319}.Release|x86.Build.0 = Release|x86
		{956401A5-3C04-4786-9611-B2AEC6207686}.Debug|Any CPU.ActiveCfg = Debug|Any CPU
		{956401A5-3C04-4786-9611-B2AEC6207686}.Debug|Any CPU.Build.0 = Debug|Any CPU
		{956401A5-3C04-4786-9611-B2AEC6207686}.Debug|arm.ActiveCfg = Debug|arm
		{956401A5-3C04-4786-9611-B2AEC6207686}.Debug|arm.Build.0 = Debug|arm
		{956401A5-3C04-4786-9611-B2AEC6207686}.Debug|Mixed Platforms.ActiveCfg = Debug|Any CPU
		{956401A5-3C04-4786-9611-B2AEC6207686}.Debug|Mixed Platforms.Build.0 = Debug|Any CPU
		{956401A5-3C04-4786-9611-B2AEC6207686}.Debug|Win32.ActiveCfg = Debug|Any CPU
		{956401A5-3C04-4786-9611-B2AEC6207686}.Debug|x64.ActiveCfg = Debug|x64
		{956401A5-3C04-4786-9611-B2AEC6207686}.Debug|x64.Build.0 = Debug|x64
		{956401A5-3C04-4786-9611-B2AEC6207686}.Debug|x86.ActiveCfg = Debug|x86
		{956401A5-3C04-4786-9611-B2AEC6207686}.Debug|x86.Build.0 = Debug|x86
		{956401A5-3C04-4786-9611-B2AEC6207686}.Release|Any CPU.ActiveCfg = Release|Any CPU
		{956401A5-3C04-4786-9611-B2AEC6207686}.Release|Any CPU.Build.0 = Release|Any CPU
		{956401A5-3C04-4786-9611-B2AEC6207686}.Release|arm.ActiveCfg = Release|arm
		{956401A5-3C04-4786-9611-B2AEC6207686}.Release|arm.Build.0 = Release|arm
		{956401A5-3C04-4786-9611-B2AEC6207686}.Release|Mixed Platforms.ActiveCfg = Release|Any CPU
		{956401A5-3C04-4786-9611-B2AEC6207686}.Release|Mixed Platforms.Build.0 = Release|Any CPU
		{956401A5-3C04-4786-9611-B2AEC6207686}.Release|Win32.ActiveCfg = Release|Any CPU
		{956401A5-3C04-4786-9611-B2AEC6207686}.Release|x64.ActiveCfg = Release|x64
		{956401A5-3C04-4786-9611-B2AEC6207686}.Release|x64.Build.0 = Release|x64
		{956401A5-3C04-4786-9611-B2AEC6207686}.Release|x86.ActiveCfg = Release|x86
		{956401A5-3C04-4786-9611-B2AEC6207686}.Release|x86.Build.0 = Release|x86
		{90556207-597F-4046-9404-5BE6B3CC0938}.Debug|Any CPU.ActiveCfg = Debug|Any CPU
		{90556207-597F-4046-9404-5BE6B3CC0938}.Debug|Any CPU.Build.0 = Debug|Any CPU
		{90556207-597F-4046-9404-5BE6B3CC0938}.Debug|arm.ActiveCfg = Debug|arm
		{90556207-597F-4046-9404-5BE6B3CC0938}.Debug|arm.Build.0 = Debug|arm
		{90556207-597F-4046-9404-5BE6B3CC0938}.Debug|Mixed Platforms.ActiveCfg = Debug|Any CPU
		{90556207-597F-4046-9404-5BE6B3CC0938}.Debug|Mixed Platforms.Build.0 = Debug|Any CPU
		{90556207-597F-4046-9404-5BE6B3CC0938}.Debug|Win32.ActiveCfg = Debug|Any CPU
		{90556207-597F-4046-9404-5BE6B3CC0938}.Debug|x64.ActiveCfg = Debug|x64
		{90556207-597F-4046-9404-5BE6B3CC0938}.Debug|x64.Build.0 = Debug|x64
		{90556207-597F-4046-9404-5BE6B3CC0938}.Debug|x86.ActiveCfg = Debug|x86
		{90556207-597F-4046-9404-5BE6B3CC0938}.Debug|x86.Build.0 = Debug|x86
		{90556207-597F-4046-9404-5BE6B3CC0938}.Release|Any CPU.ActiveCfg = Release|Any CPU
		{90556207-597F-4046-9404-5BE6B3CC0938}.Release|Any CPU.Build.0 = Release|Any CPU
		{90556207-597F-4046-9404-5BE6B3CC0938}.Release|arm.ActiveCfg = Release|arm
		{90556207-597F-4046-9404-5BE6B3CC0938}.Release|arm.Build.0 = Release|arm
		{90556207-597F-4046-9404-5BE6B3CC0938}.Release|Mixed Platforms.ActiveCfg = Release|Any CPU
		{90556207-597F-4046-9404-5BE6B3CC0938}.Release|Mixed Platforms.Build.0 = Release|Any CPU
		{90556207-597F-4046-9404-5BE6B3CC0938}.Release|Win32.ActiveCfg = Release|Any CPU
		{90556207-597F-4046-9404-5BE6B3CC0938}.Release|x64.ActiveCfg = Release|x64
		{90556207-597F-4046-9404-5BE6B3CC0938}.Release|x64.Build.0 = Release|x64
		{90556207-597F-4046-9404-5BE6B3CC0938}.Release|x86.ActiveCfg = Release|x86
		{90556207-597F-4046-9404-5BE6B3CC0938}.Release|x86.Build.0 = Release|x86
		{B4271B16-88B7-499A-881B-2813C1DB6285}.Debug|Any CPU.ActiveCfg = Debug|Any CPU
		{B4271B16-88B7-499A-881B-2813C1DB6285}.Debug|Any CPU.Build.0 = Debug|Any CPU
		{B4271B16-88B7-499A-881B-2813C1DB6285}.Debug|arm.ActiveCfg = Debug|arm
		{B4271B16-88B7-499A-881B-2813C1DB6285}.Debug|arm.Build.0 = Debug|arm
		{B4271B16-88B7-499A-881B-2813C1DB6285}.Debug|Mixed Platforms.ActiveCfg = Debug|Any CPU
		{B4271B16-88B7-499A-881B-2813C1DB6285}.Debug|Mixed Platforms.Build.0 = Debug|Any CPU
		{B4271B16-88B7-499A-881B-2813C1DB6285}.Debug|Win32.ActiveCfg = Debug|Any CPU
		{B4271B16-88B7-499A-881B-2813C1DB6285}.Debug|x64.ActiveCfg = Debug|x64
		{B4271B16-88B7-499A-881B-2813C1DB6285}.Debug|x64.Build.0 = Debug|x64
		{B4271B16-88B7-499A-881B-2813C1DB6285}.Debug|x86.ActiveCfg = Debug|x86
		{B4271B16-88B7-499A-881B-2813C1DB6285}.Debug|x86.Build.0 = Debug|x86
		{B4271B16-88B7-499A-881B-2813C1DB6285}.Release|Any CPU.ActiveCfg = Release|Any CPU
		{B4271B16-88B7-499A-881B-2813C1DB6285}.Release|Any CPU.Build.0 = Release|Any CPU
		{B4271B16-88B7-499A-881B-2813C1DB6285}.Release|arm.ActiveCfg = Release|arm
		{B4271B16-88B7-499A-881B-2813C1DB6285}.Release|arm.Build.0 = Release|arm
		{B4271B16-88B7-499A-881B-2813C1DB6285}.Release|Mixed Platforms.ActiveCfg = Release|Any CPU
		{B4271B16-88B7-499A-881B-2813C1DB6285}.Release|Mixed Platforms.Build.0 = Release|Any CPU
		{B4271B16-88B7-499A-881B-2813C1DB6285}.Release|Win32.ActiveCfg = Release|Any CPU
		{B4271B16-88B7-499A-881B-2813C1DB6285}.Release|x64.ActiveCfg = Release|x64
		{B4271B16-88B7-499A-881B-2813C1DB6285}.Release|x64.Build.0 = Release|x64
		{B4271B16-88B7-499A-881B-2813C1DB6285}.Release|x86.ActiveCfg = Release|x86
		{B4271B16-88B7-499A-881B-2813C1DB6285}.Release|x86.Build.0 = Release|x86
		{E004FD60-0C2C-4165-8E25-21E9A9AD155D}.Debug|Any CPU.ActiveCfg = Debug|Any CPU
		{E004FD60-0C2C-4165-8E25-21E9A9AD155D}.Debug|Any CPU.Build.0 = Debug|Any CPU
		{E004FD60-0C2C-4165-8E25-21E9A9AD155D}.Debug|arm.ActiveCfg = Debug|arm
		{E004FD60-0C2C-4165-8E25-21E9A9AD155D}.Debug|arm.Build.0 = Debug|arm
		{E004FD60-0C2C-4165-8E25-21E9A9AD155D}.Debug|Mixed Platforms.ActiveCfg = Debug|Any CPU
		{E004FD60-0C2C-4165-8E25-21E9A9AD155D}.Debug|Mixed Platforms.Build.0 = Debug|Any CPU
		{E004FD60-0C2C-4165-8E25-21E9A9AD155D}.Debug|Win32.ActiveCfg = Debug|Any CPU
		{E004FD60-0C2C-4165-8E25-21E9A9AD155D}.Debug|x64.ActiveCfg = Debug|x64
		{E004FD60-0C2C-4165-8E25-21E9A9AD155D}.Debug|x64.Build.0 = Debug|x64
		{E004FD60-0C2C-4165-8E25-21E9A9AD155D}.Debug|x86.ActiveCfg = Debug|x86
		{E004FD60-0C2C-4165-8E25-21E9A9AD155D}.Debug|x86.Build.0 = Debug|x86
		{E004FD60-0C2C-4165-8E25-21E9A9AD155D}.Release|Any CPU.ActiveCfg = Release|Any CPU
		{E004FD60-0C2C-4165-8E25-21E9A9AD155D}.Release|Any CPU.Build.0 = Release|Any CPU
		{E004FD60-0C2C-4165-8E25-21E9A9AD155D}.Release|arm.ActiveCfg = Release|arm
		{E004FD60-0C2C-4165-8E25-21E9A9AD155D}.Release|arm.Build.0 = Release|arm
		{E004FD60-0C2C-4165-8E25-21E9A9AD155D}.Release|Mixed Platforms.ActiveCfg = Release|Any CPU
		{E004FD60-0C2C-4165-8E25-21E9A9AD155D}.Release|Mixed Platforms.Build.0 = Release|Any CPU
		{E004FD60-0C2C-4165-8E25-21E9A9AD155D}.Release|Win32.ActiveCfg = Release|Any CPU
		{E004FD60-0C2C-4165-8E25-21E9A9AD155D}.Release|x64.ActiveCfg = Release|x64
		{E004FD60-0C2C-4165-8E25-21E9A9AD155D}.Release|x64.Build.0 = Release|x64
		{E004FD60-0C2C-4165-8E25-21E9A9AD155D}.Release|x86.ActiveCfg = Release|x86
		{E004FD60-0C2C-4165-8E25-21E9A9AD155D}.Release|x86.Build.0 = Release|x86
		{97B3B5DF-70D2-4658-9259-1DB34976F89F}.Debug|Any CPU.ActiveCfg = Debug|Any CPU
		{97B3B5DF-70D2-4658-9259-1DB34976F89F}.Debug|Any CPU.Build.0 = Debug|Any CPU
		{97B3B5DF-70D2-4658-9259-1DB34976F89F}.Debug|arm.ActiveCfg = Debug|arm
		{97B3B5DF-70D2-4658-9259-1DB34976F89F}.Debug|arm.Build.0 = Debug|arm
		{97B3B5DF-70D2-4658-9259-1DB34976F89F}.Debug|Mixed Platforms.ActiveCfg = Debug|Any CPU
		{97B3B5DF-70D2-4658-9259-1DB34976F89F}.Debug|Mixed Platforms.Build.0 = Debug|Any CPU
		{97B3B5DF-70D2-4658-9259-1DB34976F89F}.Debug|Win32.ActiveCfg = Debug|Any CPU
		{97B3B5DF-70D2-4658-9259-1DB34976F89F}.Debug|x64.ActiveCfg = Debug|x64
		{97B3B5DF-70D2-4658-9259-1DB34976F89F}.Debug|x64.Build.0 = Debug|x64
		{97B3B5DF-70D2-4658-9259-1DB34976F89F}.Debug|x86.ActiveCfg = Debug|x86
		{97B3B5DF-70D2-4658-9259-1DB34976F89F}.Debug|x86.Build.0 = Debug|x86
		{97B3B5DF-70D2-4658-9259-1DB34976F89F}.Release|Any CPU.ActiveCfg = Release|Any CPU
		{97B3B5DF-70D2-4658-9259-1DB34976F89F}.Release|Any CPU.Build.0 = Release|Any CPU
		{97B3B5DF-70D2-4658-9259-1DB34976F89F}.Release|arm.ActiveCfg = Release|arm
		{97B3B5DF-70D2-4658-9259-1DB34976F89F}.Release|arm.Build.0 = Release|arm
		{97B3B5DF-70D2-4658-9259-1DB34976F89F}.Release|Mixed Platforms.ActiveCfg = Release|Any CPU
		{97B3B5DF-70D2-4658-9259-1DB34976F89F}.Release|Mixed Platforms.Build.0 = Release|Any CPU
		{97B3B5DF-70D2-4658-9259-1DB34976F89F}.Release|Win32.ActiveCfg = Release|Any CPU
		{97B3B5DF-70D2-4658-9259-1DB34976F89F}.Release|x64.ActiveCfg = Release|x64
		{97B3B5DF-70D2-4658-9259-1DB34976F89F}.Release|x64.Build.0 = Release|x64
		{97B3B5DF-70D2-4658-9259-1DB34976F89F}.Release|x86.ActiveCfg = Release|x86
		{97B3B5DF-70D2-4658-9259-1DB34976F89F}.Release|x86.Build.0 = Release|x86
		{351FF633-899B-4411-9866-4C7838AD109F}.Debug|Any CPU.ActiveCfg = Debug|Any CPU
		{351FF633-899B-4411-9866-4C7838AD109F}.Debug|Any CPU.Build.0 = Debug|Any CPU
		{351FF633-899B-4411-9866-4C7838AD109F}.Debug|arm.ActiveCfg = Debug|arm
		{351FF633-899B-4411-9866-4C7838AD109F}.Debug|arm.Build.0 = Debug|arm
		{351FF633-899B-4411-9866-4C7838AD109F}.Debug|Mixed Platforms.ActiveCfg = Debug|Any CPU
		{351FF633-899B-4411-9866-4C7838AD109F}.Debug|Mixed Platforms.Build.0 = Debug|Any CPU
		{351FF633-899B-4411-9866-4C7838AD109F}.Debug|Win32.ActiveCfg = Debug|Any CPU
		{351FF633-899B-4411-9866-4C7838AD109F}.Debug|x64.ActiveCfg = Debug|x64
		{351FF633-899B-4411-9866-4C7838AD109F}.Debug|x64.Build.0 = Debug|x64
		{351FF633-899B-4411-9866-4C7838AD109F}.Debug|x86.ActiveCfg = Debug|x86
		{351FF633-899B-4411-9866-4C7838AD109F}.Debug|x86.Build.0 = Debug|x86
		{351FF633-899B-4411-9866-4C7838AD109F}.Release|Any CPU.ActiveCfg = Release|Any CPU
		{351FF633-899B-4411-9866-4C7838AD109F}.Release|Any CPU.Build.0 = Release|Any CPU
		{351FF633-899B-4411-9866-4C7838AD109F}.Release|arm.ActiveCfg = Release|arm
		{351FF633-899B-4411-9866-4C7838AD109F}.Release|arm.Build.0 = Release|arm
		{351FF633-899B-4411-9866-4C7838AD109F}.Release|Mixed Platforms.ActiveCfg = Release|Any CPU
		{351FF633-899B-4411-9866-4C7838AD109F}.Release|Mixed Platforms.Build.0 = Release|Any CPU
		{351FF633-899B-4411-9866-4C7838AD109F}.Release|Win32.ActiveCfg = Release|Any CPU
		{351FF633-899B-4411-9866-4C7838AD109F}.Release|x64.ActiveCfg = Release|x64
		{351FF633-899B-4411-9866-4C7838AD109F}.Release|x64.Build.0 = Release|x64
		{351FF633-899B-4411-9866-4C7838AD109F}.Release|x86.ActiveCfg = Release|x86
		{351FF633-899B-4411-9866-4C7838AD109F}.Release|x86.Build.0 = Release|x86
		{7BC95599-2920-4824-B9F9-B21D8CFF061B}.Debug|Any CPU.ActiveCfg = Debug|Any CPU
		{7BC95599-2920-4824-B9F9-B21D8CFF061B}.Debug|Any CPU.Build.0 = Debug|Any CPU
		{7BC95599-2920-4824-B9F9-B21D8CFF061B}.Debug|arm.ActiveCfg = Debug|arm
		{7BC95599-2920-4824-B9F9-B21D8CFF061B}.Debug|arm.Build.0 = Debug|arm
		{7BC95599-2920-4824-B9F9-B21D8CFF061B}.Debug|Mixed Platforms.ActiveCfg = Debug|Any CPU
		{7BC95599-2920-4824-B9F9-B21D8CFF061B}.Debug|Mixed Platforms.Build.0 = Debug|Any CPU
		{7BC95599-2920-4824-B9F9-B21D8CFF061B}.Debug|Win32.ActiveCfg = Debug|Any CPU
		{7BC95599-2920-4824-B9F9-B21D8CFF061B}.Debug|x64.ActiveCfg = Debug|x64
		{7BC95599-2920-4824-B9F9-B21D8CFF061B}.Debug|x64.Build.0 = Debug|x64
		{7BC95599-2920-4824-B9F9-B21D8CFF061B}.Debug|x86.ActiveCfg = Debug|x86
		{7BC95599-2920-4824-B9F9-B21D8CFF061B}.Debug|x86.Build.0 = Debug|x86
		{7BC95599-2920-4824-B9F9-B21D8CFF061B}.Release|Any CPU.ActiveCfg = Release|Any CPU
		{7BC95599-2920-4824-B9F9-B21D8CFF061B}.Release|Any CPU.Build.0 = Release|Any CPU
		{7BC95599-2920-4824-B9F9-B21D8CFF061B}.Release|arm.ActiveCfg = Release|arm
		{7BC95599-2920-4824-B9F9-B21D8CFF061B}.Release|arm.Build.0 = Release|arm
		{7BC95599-2920-4824-B9F9-B21D8CFF061B}.Release|Mixed Platforms.ActiveCfg = Release|Any CPU
		{7BC95599-2920-4824-B9F9-B21D8CFF061B}.Release|Mixed Platforms.Build.0 = Release|Any CPU
		{7BC95599-2920-4824-B9F9-B21D8CFF061B}.Release|Win32.ActiveCfg = Release|Any CPU
		{7BC95599-2920-4824-B9F9-B21D8CFF061B}.Release|x64.ActiveCfg = Release|x64
		{7BC95599-2920-4824-B9F9-B21D8CFF061B}.Release|x64.Build.0 = Release|x64
		{7BC95599-2920-4824-B9F9-B21D8CFF061B}.Release|x86.ActiveCfg = Release|x86
		{7BC95599-2920-4824-B9F9-B21D8CFF061B}.Release|x86.Build.0 = Release|x86
		{4B2BD779-59F7-4BF1-871C-A75952BCA749}.Debug|Any CPU.ActiveCfg = Debug|Any CPU
		{4B2BD779-59F7-4BF1-871C-A75952BCA749}.Debug|Any CPU.Build.0 = Debug|Any CPU
		{4B2BD779-59F7-4BF1-871C-A75952BCA749}.Debug|arm.ActiveCfg = Debug|arm
		{4B2BD779-59F7-4BF1-871C-A75952BCA749}.Debug|arm.Build.0 = Debug|arm
		{4B2BD779-59F7-4BF1-871C-A75952BCA749}.Debug|Mixed Platforms.ActiveCfg = Debug|Any CPU
		{4B2BD779-59F7-4BF1-871C-A75952BCA749}.Debug|Mixed Platforms.Build.0 = Debug|Any CPU
		{4B2BD779-59F7-4BF1-871C-A75952BCA749}.Debug|Win32.ActiveCfg = Debug|Any CPU
		{4B2BD779-59F7-4BF1-871C-A75952BCA749}.Debug|x64.ActiveCfg = Debug|x64
		{4B2BD779-59F7-4BF1-871C-A75952BCA749}.Debug|x64.Build.0 = Debug|x64
		{4B2BD779-59F7-4BF1-871C-A75952BCA749}.Debug|x86.ActiveCfg = Debug|x86
		{4B2BD779-59F7-4BF1-871C-A75952BCA749}.Debug|x86.Build.0 = Debug|x86
		{4B2BD779-59F7-4BF1-871C-A75952BCA749}.Release|Any CPU.ActiveCfg = Release|Any CPU
		{4B2BD779-59F7-4BF1-871C-A75952BCA749}.Release|Any CPU.Build.0 = Release|Any CPU
		{4B2BD779-59F7-4BF1-871C-A75952BCA749}.Release|arm.ActiveCfg = Release|arm
		{4B2BD779-59F7-4BF1-871C-A75952BCA749}.Release|arm.Build.0 = Release|arm
		{4B2BD779-59F7-4BF1-871C-A75952BCA749}.Release|Mixed Platforms.ActiveCfg = Release|Any CPU
		{4B2BD779-59F7-4BF1-871C-A75952BCA749}.Release|Mixed Platforms.Build.0 = Release|Any CPU
		{4B2BD779-59F7-4BF1-871C-A75952BCA749}.Release|Win32.ActiveCfg = Release|Any CPU
		{4B2BD779-59F7-4BF1-871C-A75952BCA749}.Release|x64.ActiveCfg = Release|x64
		{4B2BD779-59F7-4BF1-871C-A75952BCA749}.Release|x64.Build.0 = Release|x64
		{4B2BD779-59F7-4BF1-871C-A75952BCA749}.Release|x86.ActiveCfg = Release|x86
		{4B2BD779-59F7-4BF1-871C-A75952BCA749}.Release|x86.Build.0 = Release|x86
		{EC5BD7DE-29C4-4FDC-9953-8707B6DBDB00}.Debug|Any CPU.ActiveCfg = Debug|Any CPU
		{EC5BD7DE-29C4-4FDC-9953-8707B6DBDB00}.Debug|Any CPU.Build.0 = Debug|Any CPU
		{EC5BD7DE-29C4-4FDC-9953-8707B6DBDB00}.Debug|arm.ActiveCfg = Debug|arm
		{EC5BD7DE-29C4-4FDC-9953-8707B6DBDB00}.Debug|arm.Build.0 = Debug|arm
		{EC5BD7DE-29C4-4FDC-9953-8707B6DBDB00}.Debug|Mixed Platforms.ActiveCfg = Debug|Any CPU
		{EC5BD7DE-29C4-4FDC-9953-8707B6DBDB00}.Debug|Mixed Platforms.Build.0 = Debug|Any CPU
		{EC5BD7DE-29C4-4FDC-9953-8707B6DBDB00}.Debug|Win32.ActiveCfg = Debug|Any CPU
		{EC5BD7DE-29C4-4FDC-9953-8707B6DBDB00}.Debug|x64.ActiveCfg = Debug|x64
		{EC5BD7DE-29C4-4FDC-9953-8707B6DBDB00}.Debug|x64.Build.0 = Debug|x64
		{EC5BD7DE-29C4-4FDC-9953-8707B6DBDB00}.Debug|x86.ActiveCfg = Debug|x86
		{EC5BD7DE-29C4-4FDC-9953-8707B6DBDB00}.Debug|x86.Build.0 = Debug|x86
		{EC5BD7DE-29C4-4FDC-9953-8707B6DBDB00}.Release|Any CPU.ActiveCfg = Release|Any CPU
		{EC5BD7DE-29C4-4FDC-9953-8707B6DBDB00}.Release|Any CPU.Build.0 = Release|Any CPU
		{EC5BD7DE-29C4-4FDC-9953-8707B6DBDB00}.Release|arm.ActiveCfg = Release|arm
		{EC5BD7DE-29C4-4FDC-9953-8707B6DBDB00}.Release|arm.Build.0 = Release|arm
		{EC5BD7DE-29C4-4FDC-9953-8707B6DBDB00}.Release|Mixed Platforms.ActiveCfg = Release|Any CPU
		{EC5BD7DE-29C4-4FDC-9953-8707B6DBDB00}.Release|Mixed Platforms.Build.0 = Release|Any CPU
		{EC5BD7DE-29C4-4FDC-9953-8707B6DBDB00}.Release|Win32.ActiveCfg = Release|Any CPU
		{EC5BD7DE-29C4-4FDC-9953-8707B6DBDB00}.Release|x64.ActiveCfg = Release|x64
		{EC5BD7DE-29C4-4FDC-9953-8707B6DBDB00}.Release|x64.Build.0 = Release|x64
		{EC5BD7DE-29C4-4FDC-9953-8707B6DBDB00}.Release|x86.ActiveCfg = Release|x86
		{EC5BD7DE-29C4-4FDC-9953-8707B6DBDB00}.Release|x86.Build.0 = Release|x86
		{21E8F2D3-EF19-49C8-88CA-A22C5B91DFDC}.Debug|Any CPU.ActiveCfg = Debug|Any CPU
		{21E8F2D3-EF19-49C8-88CA-A22C5B91DFDC}.Debug|Any CPU.Build.0 = Debug|Any CPU
		{21E8F2D3-EF19-49C8-88CA-A22C5B91DFDC}.Debug|arm.ActiveCfg = Debug|arm
		{21E8F2D3-EF19-49C8-88CA-A22C5B91DFDC}.Debug|arm.Build.0 = Debug|arm
		{21E8F2D3-EF19-49C8-88CA-A22C5B91DFDC}.Debug|Mixed Platforms.ActiveCfg = Debug|Any CPU
		{21E8F2D3-EF19-49C8-88CA-A22C5B91DFDC}.Debug|Mixed Platforms.Build.0 = Debug|Any CPU
		{21E8F2D3-EF19-49C8-88CA-A22C5B91DFDC}.Debug|Win32.ActiveCfg = Debug|Any CPU
		{21E8F2D3-EF19-49C8-88CA-A22C5B91DFDC}.Debug|x64.ActiveCfg = Debug|x64
		{21E8F2D3-EF19-49C8-88CA-A22C5B91DFDC}.Debug|x64.Build.0 = Debug|x64
		{21E8F2D3-EF19-49C8-88CA-A22C5B91DFDC}.Debug|x86.ActiveCfg = Debug|x86
		{21E8F2D3-EF19-49C8-88CA-A22C5B91DFDC}.Debug|x86.Build.0 = Debug|x86
		{21E8F2D3-EF19-49C8-88CA-A22C5B91DFDC}.Release|Any CPU.ActiveCfg = Release|Any CPU
		{21E8F2D3-EF19-49C8-88CA-A22C5B91DFDC}.Release|Any CPU.Build.0 = Release|Any CPU
		{21E8F2D3-EF19-49C8-88CA-A22C5B91DFDC}.Release|arm.ActiveCfg = Release|arm
		{21E8F2D3-EF19-49C8-88CA-A22C5B91DFDC}.Release|arm.Build.0 = Release|arm
		{21E8F2D3-EF19-49C8-88CA-A22C5B91DFDC}.Release|Mixed Platforms.ActiveCfg = Release|Any CPU
		{21E8F2D3-EF19-49C8-88CA-A22C5B91DFDC}.Release|Mixed Platforms.Build.0 = Release|Any CPU
		{21E8F2D3-EF19-49C8-88CA-A22C5B91DFDC}.Release|Win32.ActiveCfg = Release|Any CPU
		{21E8F2D3-EF19-49C8-88CA-A22C5B91DFDC}.Release|x64.ActiveCfg = Release|x64
		{21E8F2D3-EF19-49C8-88CA-A22C5B91DFDC}.Release|x64.Build.0 = Release|x64
		{21E8F2D3-EF19-49C8-88CA-A22C5B91DFDC}.Release|x86.ActiveCfg = Release|x86
		{21E8F2D3-EF19-49C8-88CA-A22C5B91DFDC}.Release|x86.Build.0 = Release|x86
		{24121677-0ED0-41B5-833F-1B9A18E87BF4}.Debug|Any CPU.ActiveCfg = Debug|x86
		{24121677-0ED0-41B5-833F-1B9A18E87BF4}.Debug|arm.ActiveCfg = Debug|arm
		{24121677-0ED0-41B5-833F-1B9A18E87BF4}.Debug|arm.Build.0 = Debug|arm
		{24121677-0ED0-41B5-833F-1B9A18E87BF4}.Debug|Mixed Platforms.ActiveCfg = Debug|x86
		{24121677-0ED0-41B5-833F-1B9A18E87BF4}.Debug|Mixed Platforms.Build.0 = Debug|x86
		{24121677-0ED0-41B5-833F-1B9A18E87BF4}.Debug|Win32.ActiveCfg = Debug|x64
		{24121677-0ED0-41B5-833F-1B9A18E87BF4}.Debug|x64.ActiveCfg = Debug|x64
		{24121677-0ED0-41B5-833F-1B9A18E87BF4}.Debug|x64.Build.0 = Debug|x64
		{24121677-0ED0-41B5-833F-1B9A18E87BF4}.Debug|x86.ActiveCfg = Debug|x86
		{24121677-0ED0-41B5-833F-1B9A18E87BF4}.Debug|x86.Build.0 = Debug|x86
		{24121677-0ED0-41B5-833F-1B9A18E87BF4}.Release|Any CPU.ActiveCfg = Release|x86
		{24121677-0ED0-41B5-833F-1B9A18E87BF4}.Release|arm.ActiveCfg = Release|arm
		{24121677-0ED0-41B5-833F-1B9A18E87BF4}.Release|arm.Build.0 = Release|arm
		{24121677-0ED0-41B5-833F-1B9A18E87BF4}.Release|Mixed Platforms.ActiveCfg = Release|x64
		{24121677-0ED0-41B5-833F-1B9A18E87BF4}.Release|Mixed Platforms.Build.0 = Release|x64
		{24121677-0ED0-41B5-833F-1B9A18E87BF4}.Release|Win32.ActiveCfg = Release|x64
		{24121677-0ED0-41B5-833F-1B9A18E87BF4}.Release|x64.ActiveCfg = Release|x64
		{24121677-0ED0-41B5-833F-1B9A18E87BF4}.Release|x64.Build.0 = Release|x64
		{24121677-0ED0-41B5-833F-1B9A18E87BF4}.Release|x86.ActiveCfg = Release|x86
		{24121677-0ED0-41B5-833F-1B9A18E87BF4}.Release|x86.Build.0 = Release|x86
		{44931ECB-8D6F-4C12-A872-64E261B6A98E}.Debug|Any CPU.ActiveCfg = Debug|Any CPU
		{44931ECB-8D6F-4C12-A872-64E261B6A98E}.Debug|Any CPU.Build.0 = Debug|Any CPU
		{44931ECB-8D6F-4C12-A872-64E261B6A98E}.Debug|arm.ActiveCfg = Debug|arm
		{44931ECB-8D6F-4C12-A872-64E261B6A98E}.Debug|arm.Build.0 = Debug|arm
		{44931ECB-8D6F-4C12-A872-64E261B6A98E}.Debug|Mixed Platforms.ActiveCfg = Debug|arm
		{44931ECB-8D6F-4C12-A872-64E261B6A98E}.Debug|Mixed Platforms.Build.0 = Debug|arm
		{44931ECB-8D6F-4C12-A872-64E261B6A98E}.Debug|Win32.ActiveCfg = Debug|Win32
		{44931ECB-8D6F-4C12-A872-64E261B6A98E}.Debug|Win32.Build.0 = Debug|Win32
		{44931ECB-8D6F-4C12-A872-64E261B6A98E}.Debug|x64.ActiveCfg = Debug|x64
		{44931ECB-8D6F-4C12-A872-64E261B6A98E}.Debug|x64.Build.0 = Debug|x64
		{44931ECB-8D6F-4C12-A872-64E261B6A98E}.Debug|x86.ActiveCfg = Debug|x86
		{44931ECB-8D6F-4C12-A872-64E261B6A98E}.Debug|x86.Build.0 = Debug|x86
		{44931ECB-8D6F-4C12-A872-64E261B6A98E}.Release|Any CPU.ActiveCfg = Release|Any CPU
		{44931ECB-8D6F-4C12-A872-64E261B6A98E}.Release|Any CPU.Build.0 = Release|Any CPU
		{44931ECB-8D6F-4C12-A872-64E261B6A98E}.Release|arm.ActiveCfg = Release|arm
		{44931ECB-8D6F-4C12-A872-64E261B6A98E}.Release|arm.Build.0 = Release|arm
		{44931ECB-8D6F-4C12-A872-64E261B6A98E}.Release|Mixed Platforms.ActiveCfg = Release|arm
		{44931ECB-8D6F-4C12-A872-64E261B6A98E}.Release|Mixed Platforms.Build.0 = Release|arm
		{44931ECB-8D6F-4C12-A872-64E261B6A98E}.Release|Win32.ActiveCfg = Release|Win32
		{44931ECB-8D6F-4C12-A872-64E261B6A98E}.Release|Win32.Build.0 = Release|Win32
		{44931ECB-8D6F-4C12-A872-64E261B6A98E}.Release|x64.ActiveCfg = Release|x64
		{44931ECB-8D6F-4C12-A872-64E261B6A98E}.Release|x64.Build.0 = Release|x64
		{44931ECB-8D6F-4C12-A872-64E261B6A98E}.Release|x86.ActiveCfg = Release|x86
		{44931ECB-8D6F-4C12-A872-64E261B6A98E}.Release|x86.Build.0 = Release|x86
	EndGlobalSection
	GlobalSection(SolutionProperties) = preSolution
		HideSolutionNode = FALSE
	EndGlobalSection
	GlobalSection(ExtensibilityGlobals) = postSolution
		SolutionGuid = {0FD71F40-2DDE-4A6F-B945-612D3EF80593}
	EndGlobalSection
EndGlobal
